// !$*UTF8*$!
{
	archiveVersion = 1;
	classes = {
	};
	objectVersion = 46;
	objects = {

/* Begin PBXAggregateTarget section */
		0D8A40D7FF360F6F7E62647A /* update_mappings */ = {
			isa = PBXAggregateTarget;
			buildConfigurationList = 06C468289E004C59AD42A44D /* Build configuration list for PBXAggregateTarget "update_mappings" */;
			buildPhases = (
				85BF0CF8C147E18288B756ED /* Generate vendor/lib/glfw/src/CMakeFiles/update_mappings */,
			);
			dependencies = (
				311723AD16AE48C99AAC7E85 /* PBXTargetDependency */,
			);
			name = update_mappings;
			productName = update_mappings;
		};
		1D796A360852FCD550E6358E /* install */ = {
			isa = PBXAggregateTarget;
			buildConfigurationList = 0E2EBEEE7D424BE59E7F07D4 /* Build configuration list for PBXAggregateTarget "install" */;
			buildPhases = (
				93426DA6A4AC2C2AC9CE883C /* CMake PostBuild Rules */,
			);
			dependencies = (
				F6BB3D9AAF1B440E94144EFB /* PBXTargetDependency */,
			);
			name = install;
			productName = install;
		};
		5EE6366947EFD13FEFEEFFF8 /* ALL_BUILD */ = {
			isa = PBXAggregateTarget;
			buildConfigurationList = 215754E68D364DD9AD3D6B2A /* Build configuration list for PBXAggregateTarget "ALL_BUILD" */;
			buildPhases = (
				2ECFB53E5E944153EBF43052 /* Generate CMakeFiles/ALL_BUILD */,
			);
			dependencies = (
				32AB10E491FA4D17B3D61584 /* PBXTargetDependency */,
				DBB64B2E0C9144109620B329 /* PBXTargetDependency */,
				DA06E764BEA24581939BB266 /* PBXTargetDependency */,
			);
			name = ALL_BUILD;
			productName = ALL_BUILD;
		};
		9835E080ACD4BCBA527BA056 /* uninstall */ = {
			isa = PBXAggregateTarget;
			buildConfigurationList = FC0D034FC5374778964BCCA0 /* Build configuration list for PBXAggregateTarget "uninstall" */;
			buildPhases = (
				F5AF2B388C207F954D3B83C7 /* Generate vendor/lib/glfw/CMakeFiles/uninstall */,
			);
			dependencies = (
			);
			name = uninstall;
			productName = uninstall;
		};
		AD89F94FCDA48CA5BCEDAF20 /* ZERO_CHECK */ = {
			isa = PBXAggregateTarget;
			buildConfigurationList = 2DFEEA6FDFBD4E9EBA8861C6 /* Build configuration list for PBXAggregateTarget "ZERO_CHECK" */;
			buildPhases = (
				4E7067F5073B1A3EC47B1D14 /* Generate CMakeFiles/ZERO_CHECK */,
			);
			dependencies = (
			);
			name = ZERO_CHECK;
			productName = ZERO_CHECK;
		};
/* End PBXAggregateTarget section */

/* Begin PBXBuildFile section */
		090B679DB8C54D8AA1B15C2F /* /Users/user/proj/trim/vendor/lib/glfw/src/platform.c */ = {isa = PBXBuildFile; fileRef = 8B71F01AAC584271A4B0C319 /* /Users/user/proj/trim/vendor/lib/glfw/src/platform.c */; };
		0EDA1C4F71C5483CABB8A397 /* /Users/user/proj/trim/vendor/lib/glfw/include/GLFW/glfw3.h */ = {isa = PBXBuildFile; fileRef = A46825F48F494F079581C229 /* /Users/user/proj/trim/vendor/lib/glfw/include/GLFW/glfw3.h */; };
		11D6AC225C09486D86823D75 /* /Users/user/proj/trim/vendor/lib/glfw/src/egl_context.c */ = {isa = PBXBuildFile; fileRef = 1A0EFEB0F2C6451FAD4B3C91 /* /Users/user/proj/trim/vendor/lib/glfw/src/egl_context.c */; };
		1460A4F7E00F4616BFB290FA /* /Users/user/proj/trim/vendor/src/glad.c */ = {isa = PBXBuildFile; fileRef = 909DBC0A0FFC40E6A7F283AA /* /Users/user/proj/trim/vendor/src/glad.c */; };
		1583BBA27967442A81673274 /* /Users/user/proj/trim/vendor/lib/glfw/src/cocoa_window.m */ = {isa = PBXBuildFile; fileRef = AA8FFE5586344B6895588E42 /* /Users/user/proj/trim/vendor/lib/glfw/src/cocoa_window.m */; };
		17E6BDF40FD14704AB810F26 /* /Users/user/proj/trim/vendor/src/imgui_demo.cpp */ = {isa = PBXBuildFile; fileRef = 9EE8276273044B3E810C76DC /* /Users/user/proj/trim/vendor/src/imgui_demo.cpp */; };
		25DF9ECBB80B4BD9AE4EC5BB /* /Users/user/proj/trim/vendor/lib/glfw/include/GLFW/glfw3native.h */ = {isa = PBXBuildFile; fileRef = 47572F104DC44FF28DC45DED /* /Users/user/proj/trim/vendor/lib/glfw/include/GLFW/glfw3native.h */; };
		2F9697CF445D4D5AB78D0098 /* /Users/user/proj/trim/vendor/src/imgui_widgets.cpp */ = {isa = PBXBuildFile; fileRef = E924B36493824AE8AF6A4458 /* /Users/user/proj/trim/vendor/src/imgui_widgets.cpp */; };
		315112384110476B8C7488C6 /* /Users/user/proj/trim/vendor/lib/glfw/src/internal.h */ = {isa = PBXBuildFile; fileRef = FC41C91AABA64237BA36EA63 /* /Users/user/proj/trim/vendor/lib/glfw/src/internal.h */; };
		38190E2117674404A0BFC083 /* /Users/user/proj/trim/vendor/src/imgui_tables.cpp */ = {isa = PBXBuildFile; fileRef = F4EA7628BCE64607B46233ED /* /Users/user/proj/trim/vendor/src/imgui_tables.cpp */; };
		3CF23B1F2CBE44DDB209DBAD /* /Users/user/proj/trim/gui.cpp */ = {isa = PBXBuildFile; fileRef = 46234DFC8E0044F4A5FC16C8 /* /Users/user/proj/trim/gui.cpp */; };
		3E5634A5A117440AAFDCBD53 /* /Users/user/proj/trim/vendor/lib/glfw/src/cocoa_joystick.h */ = {isa = PBXBuildFile; fileRef = CD8B73C51400467687FCB860 /* /Users/user/proj/trim/vendor/lib/glfw/src/cocoa_joystick.h */; };
		40F6B614899C430789177E37 /* /Users/user/proj/trim/vendor/lib/glfw/src/posix_thread.h */ = {isa = PBXBuildFile; fileRef = 15EAE08F96124A19919E395A /* /Users/user/proj/trim/vendor/lib/glfw/src/posix_thread.h */; };
		5081143F3CFD4061B4D02B61 /* /Users/user/proj/trim/vendor/lib/glfw/src/CMakeLists.txt */ = {isa = PBXBuildFile; fileRef = 868EB92208894D0FA4A9C93A /* /Users/user/proj/trim/vendor/lib/glfw/src/CMakeLists.txt */; };
		552A1BB904C748C2BD5BBD53 /* /Users/user/proj/trim/vendor/lib/glfw/src/cocoa_init.m */ = {isa = PBXBuildFile; fileRef = A18FF3C2074E4545944D13F0 /* /Users/user/proj/trim/vendor/lib/glfw/src/cocoa_init.m */; };
		56720CF0EE274099A442ABF9 /* /Users/user/proj/trim/vendor/lib/glfw/src/input.c */ = {isa = PBXBuildFile; fileRef = 413E7430621E43F2A36B2147 /* /Users/user/proj/trim/vendor/lib/glfw/src/input.c */; };
		5AEB3BBCFE2B4FDBADB1BE4C /* /Users/user/proj/trim/vendor/lib/glfw/src/posix_module.c */ = {isa = PBXBuildFile; fileRef = AD4100AB4C344E28A07036A9 /* /Users/user/proj/trim/vendor/lib/glfw/src/posix_module.c */; };
		62C5AA36E09740B8A7805E10 /* /Users/user/proj/trim/vendor/lib/glfw/src/init.c */ = {isa = PBXBuildFile; fileRef = 7E0FB270B01549418A02D3AE /* /Users/user/proj/trim/vendor/lib/glfw/src/init.c */; };
		6AD6A2FCE0D9438E8541A895 /* /Users/user/proj/trim/vendor/lib/glfw/src/null_init.c */ = {isa = PBXBuildFile; fileRef = 04F0938A6D1C4F8AADE82CA4 /* /Users/user/proj/trim/vendor/lib/glfw/src/null_init.c */; };
		6DFE4778F28442B2AB5B0EE3 /* /Users/user/proj/trim/main.cpp */ = {isa = PBXBuildFile; fileRef = 7273CF28853649839694847A /* /Users/user/proj/trim/main.cpp */; };
		6E6B6D7A75454E6D9CA5E8E4 /* /Users/user/proj/trim/vendor/lib/glfw/src/null_platform.h */ = {isa = PBXBuildFile; fileRef = FE312B55D68842538D24C532 /* /Users/user/proj/trim/vendor/lib/glfw/src/null_platform.h */; };
		72E95FC40E964134AD2311CD /* /Users/user/proj/trim/vendor/src/imgui_impl_glfw.cpp */ = {isa = PBXBuildFile; fileRef = 2F82BEBE6FCC4EC8B6716DCB /* /Users/user/proj/trim/vendor/src/imgui_impl_glfw.cpp */; };
		7494657D048143178E9B39AC /* /Users/user/proj/trim/vendor/src/imgui.cpp */ = {isa = PBXBuildFile; fileRef = 5310329029C940F3BDAE6349 /* /Users/user/proj/trim/vendor/src/imgui.cpp */; };
		7679533282A84FA3A5D3CD62 /* /Users/user/proj/trim/CMakeLists.txt */ = {isa = PBXBuildFile; fileRef = 23CE8413DBBE4C8CBB6960CC /* /Users/user/proj/trim/CMakeLists.txt */; };
		7AC19B6EF4014C72AE507821 /* /Users/user/proj/trim/vendor/src/imgui_impl_opengl3.cpp */ = {isa = PBXBuildFile; fileRef = 173D1D53D760410D86B61D58 /* /Users/user/proj/trim/vendor/src/imgui_impl_opengl3.cpp */; };
		809DEA08276D40818D908249 /* /Users/user/proj/trim/vendor/lib/glfw/src/null_joystick.c */ = {isa = PBXBuildFile; fileRef = 15CDF2CF114A420D80188FD7 /* /Users/user/proj/trim/vendor/lib/glfw/src/null_joystick.c */; };
		83BDBF3B4E5847B9B6B72AE7 /* /Users/user/proj/trim/vendor/lib/glfw/src/context.c */ = {isa = PBXBuildFile; fileRef = 4C2739E64FE04174A09012F7 /* /Users/user/proj/trim/vendor/lib/glfw/src/context.c */; };
		883CB077AA5B4A179BDD352E /* /Users/user/proj/trim/vendor/lib/glfw/src/cocoa_joystick.m */ = {isa = PBXBuildFile; fileRef = 7CB496D407E2435DA7FECD5D /* /Users/user/proj/trim/vendor/lib/glfw/src/cocoa_joystick.m */; };
		89286022439348E78FC8850D /* /Users/user/proj/trim/vendor/lib/glfw/src/monitor.c */ = {isa = PBXBuildFile; fileRef = F7D285BA187444FA92DB2E5B /* /Users/user/proj/trim/vendor/lib/glfw/src/monitor.c */; };
		9213245463944B10943E175A /* /Users/user/proj/trim/vendor/lib/glfw/src/platform.h */ = {isa = PBXBuildFile; fileRef = 82BD826DA8904FFCB916DD6C /* /Users/user/proj/trim/vendor/lib/glfw/src/platform.h */; };
		96F8EA8348E64C9B95D56200 /* /Users/user/proj/trim/vendor/lib/glfw/src/posix_thread.c */ = {isa = PBXBuildFile; fileRef = 55EB50D8C5A8475EAE6CA1D6 /* /Users/user/proj/trim/vendor/lib/glfw/src/posix_thread.c */; };
		98CB0B782567417B8545CF20 /* /Users/user/proj/trim/vendor/lib/glfw/src/osmesa_context.c */ = {isa = PBXBuildFile; fileRef = 4FBD09164EB64EB8AD0DE5BB /* /Users/user/proj/trim/vendor/lib/glfw/src/osmesa_context.c */; };
		A4E3D33055B04153AFD2455A /* /Users/user/proj/trim/vendor/lib/glfw/src/cocoa_time.c */ = {isa = PBXBuildFile; fileRef = DF6D928AD8524D20B5150CF4 /* /Users/user/proj/trim/vendor/lib/glfw/src/cocoa_time.c */; };
		A7D5ED1B157B45A9BF02CE25 /* /Users/user/proj/trim/vendor/lib/glfw/src/window.c */ = {isa = PBXBuildFile; fileRef = 679ACA719B9A483B8EF66684 /* /Users/user/proj/trim/vendor/lib/glfw/src/window.c */; };
		AF273CB33A9749A7B33FF143 /* /Users/user/proj/trim/vendor/lib/glfw/src/nsgl_context.m */ = {isa = PBXBuildFile; fileRef = F03850BE96654AC183BD75F7 /* /Users/user/proj/trim/vendor/lib/glfw/src/nsgl_context.m */; };
		AF61CEDDDFA845618C599C10 /* /Users/user/proj/trim/vendor/lib/glfw/src/cocoa_time.h */ = {isa = PBXBuildFile; fileRef = D28B7B8182E340DCB334480F /* /Users/user/proj/trim/vendor/lib/glfw/src/cocoa_time.h */; };
		CE25FF06308C4B99BFF4DCF5 /* /Users/user/proj/trim/vendor/lib/glfw/src/null_window.c */ = {isa = PBXBuildFile; fileRef = 5056114E5FE04626BE7FD858 /* /Users/user/proj/trim/vendor/lib/glfw/src/null_window.c */; };
		D082070953E44D39B35E134A /* /Users/user/proj/trim/vendor/src/imgui_draw.cpp */ = {isa = PBXBuildFile; fileRef = 8067172C406346B7AFAF6143 /* /Users/user/proj/trim/vendor/src/imgui_draw.cpp */; };
		D3A33C55AB8F44839E6F2261 /* /Users/user/proj/trim/vendor/lib/glfw/src/cocoa_platform.h */ = {isa = PBXBuildFile; fileRef = 1F21992DCBCE49BA8A8EDE3A /* /Users/user/proj/trim/vendor/lib/glfw/src/cocoa_platform.h */; };
		D52CADC280514F8C961DC81E /* /Users/user/proj/trim/vendor/lib/glfw/src/mappings.h */ = {isa = PBXBuildFile; fileRef = 63257CA462A94D7F9A235650 /* /Users/user/proj/trim/vendor/lib/glfw/src/mappings.h */; };
		D9718D6642C24BDFAB44C8B3 /* /Users/user/proj/trim/vendor/lib/glfw/src/null_monitor.c */ = {isa = PBXBuildFile; fileRef = A5D89DA92F554135965F6637 /* /Users/user/proj/trim/vendor/lib/glfw/src/null_monitor.c */; };
		E0B9DE8340BC4DD9A00425D9 /* /Users/user/proj/trim/video_operations.cpp */ = {isa = PBXBuildFile; fileRef = D9B26F8527DB47B6BC2E0BCE /* /Users/user/proj/trim/video_operations.cpp */; };
		F8AA7A0135734CFDA92B93E2 /* /Users/user/proj/trim/vendor/lib/glfw/src/vulkan.c */ = {isa = PBXBuildFile; fileRef = 37DCA5084B1E45CFB1988B3D /* /Users/user/proj/trim/vendor/lib/glfw/src/vulkan.c */; };
		FBF0F515DE154B8B98531F66 /* /Users/user/proj/trim/vendor/lib/glfw/src/cocoa_monitor.m */ = {isa = PBXBuildFile; fileRef = 3419ACD0AE384F06BCF5E253 /* /Users/user/proj/trim/vendor/lib/glfw/src/cocoa_monitor.m */; };
		FCEBEBACC0C843AD931DA90D /* /Users/user/proj/trim/vendor/lib/glfw/src/null_joystick.h */ = {isa = PBXBuildFile; fileRef = E4E67BC5B87944A69410EA49 /* /Users/user/proj/trim/vendor/lib/glfw/src/null_joystick.h */; };
/* End PBXBuildFile section */

/* Begin PBXBuildStyle section */
		11DEBE8C99D646F5960D3EE1 /* MinSizeRel */ = {
			isa = PBXBuildStyle;
			buildSettings = {
				COPY_PHASE_STRIP = NO;
			};
			name = MinSizeRel;
		};
		2310AF3BF0464206937BE92D /* Debug */ = {
			isa = PBXBuildStyle;
			buildSettings = {
				COPY_PHASE_STRIP = NO;
			};
			name = Debug;
		};
		A95F22A82F2A4A85808E1AEA /* Release */ = {
			isa = PBXBuildStyle;
			buildSettings = {
				COPY_PHASE_STRIP = NO;
			};
			name = Release;
		};
		D625DA6856B941E7A47C7288 /* RelWithDebInfo */ = {
			isa = PBXBuildStyle;
			buildSettings = {
				COPY_PHASE_STRIP = NO;
			};
			name = RelWithDebInfo;
		};
/* End PBXBuildStyle section */

/* Begin PBXContainerItemProxy section */
		09470924E4FD45C0954B7DE5 /* PBXContainerItemProxy */ = {
			isa = PBXContainerItemProxy;
			containerPortal = 8DD0E2F9B8894DC79B252A58 /* Project object */;
			proxyType = 1;
			remoteGlobalIDString = BBBF7D44CA331C1E3E2A4C14;
			remoteInfo = glfw;
		};
		57AEE307AEE54253BAF98694 /* PBXContainerItemProxy */ = {
			isa = PBXContainerItemProxy;
			containerPortal = 8DD0E2F9B8894DC79B252A58 /* Project object */;
			proxyType = 1;
			remoteGlobalIDString = AD89F94FCDA48CA5BCEDAF20;
			remoteInfo = ZERO_CHECK;
		};
		6B5D165A2C5B4574B4055C69 /* PBXContainerItemProxy */ = {
			isa = PBXContainerItemProxy;
			containerPortal = 8DD0E2F9B8894DC79B252A58 /* Project object */;
			proxyType = 1;
			remoteGlobalIDString = 5EE6366947EFD13FEFEEFFF8;
			remoteInfo = ALL_BUILD;
		};
		821D8FCFE6EF485C8BABF3CB /* PBXContainerItemProxy */ = {
			isa = PBXContainerItemProxy;
			containerPortal = 8DD0E2F9B8894DC79B252A58 /* Project object */;
			proxyType = 1;
			remoteGlobalIDString = AD89F94FCDA48CA5BCEDAF20;
			remoteInfo = ZERO_CHECK;
		};
		8C2D2DDB7E0A40F4A5961F41 /* PBXContainerItemProxy */ = {
			isa = PBXContainerItemProxy;
			containerPortal = 8DD0E2F9B8894DC79B252A58 /* Project object */;
			proxyType = 1;
			remoteGlobalIDString = BBBF7D44CA331C1E3E2A4C14;
			remoteInfo = glfw;
		};
		B27899B14F7B4C128863672C /* PBXContainerItemProxy */ = {
			isa = PBXContainerItemProxy;
			containerPortal = 8DD0E2F9B8894DC79B252A58 /* Project object */;
			proxyType = 1;
			remoteGlobalIDString = AD89F94FCDA48CA5BCEDAF20;
			remoteInfo = ZERO_CHECK;
		};
		BB66564BDD354F40B1405DFF /* PBXContainerItemProxy */ = {
			isa = PBXContainerItemProxy;
			containerPortal = 8DD0E2F9B8894DC79B252A58 /* Project object */;
			proxyType = 1;
			remoteGlobalIDString = B23CFC7918708997C68F806E;
			remoteInfo = trim;
		};
		E8F49E474C2D48D69ABEFECD /* PBXContainerItemProxy */ = {
			isa = PBXContainerItemProxy;
			containerPortal = 8DD0E2F9B8894DC79B252A58 /* Project object */;
			proxyType = 1;
			remoteGlobalIDString = AD89F94FCDA48CA5BCEDAF20;
			remoteInfo = ZERO_CHECK;
		};
/* End PBXContainerItemProxy section */

/* Begin PBXFileReference section */
		04F0938A6D1C4F8AADE82CA4 /* /Users/user/proj/trim/vendor/lib/glfw/src/null_init.c */ = {isa = PBXFileReference; explicitFileType = sourcecode.c.c; fileEncoding = 4; name = null_init.c; path = vendor/lib/glfw/src/null_init.c; sourceTree = SOURCE_ROOT; };
		15CDF2CF114A420D80188FD7 /* /Users/user/proj/trim/vendor/lib/glfw/src/null_joystick.c */ = {isa = PBXFileReference; explicitFileType = sourcecode.c.c; fileEncoding = 4; name = null_joystick.c; path = vendor/lib/glfw/src/null_joystick.c; sourceTree = SOURCE_ROOT; };
		15EAE08F96124A19919E395A /* /Users/user/proj/trim/vendor/lib/glfw/src/posix_thread.h */ = {isa = PBXFileReference; explicitFileType = sourcecode.c.h; fileEncoding = 4; name = posix_thread.h; path = vendor/lib/glfw/src/posix_thread.h; sourceTree = SOURCE_ROOT; };
		173D1D53D760410D86B61D58 /* /Users/user/proj/trim/vendor/src/imgui_impl_opengl3.cpp */ = {isa = PBXFileReference; explicitFileType = sourcecode.cpp.cpp; fileEncoding = 4; name = imgui_impl_opengl3.cpp; path = vendor/src/imgui_impl_opengl3.cpp; sourceTree = SOURCE_ROOT; };
		1A0EFEB0F2C6451FAD4B3C91 /* /Users/user/proj/trim/vendor/lib/glfw/src/egl_context.c */ = {isa = PBXFileReference; explicitFileType = sourcecode.c.c; fileEncoding = 4; name = egl_context.c; path = vendor/lib/glfw/src/egl_context.c; sourceTree = SOURCE_ROOT; };
		1F21992DCBCE49BA8A8EDE3A /* /Users/user/proj/trim/vendor/lib/glfw/src/cocoa_platform.h */ = {isa = PBXFileReference; explicitFileType = sourcecode.c.h; fileEncoding = 4; name = cocoa_platform.h; path = vendor/lib/glfw/src/cocoa_platform.h; sourceTree = SOURCE_ROOT; };
		23CE8413DBBE4C8CBB6960CC /* /Users/user/proj/trim/CMakeLists.txt */ = {isa = PBXFileReference; explicitFileType = sourcecode.text; fileEncoding = 4; name = CMakeLists.txt; path = CMakeLists.txt; sourceTree = SOURCE_ROOT; };
		2F82BEBE6FCC4EC8B6716DCB /* /Users/user/proj/trim/vendor/src/imgui_impl_glfw.cpp */ = {isa = PBXFileReference; explicitFileType = sourcecode.cpp.cpp; fileEncoding = 4; name = imgui_impl_glfw.cpp; path = vendor/src/imgui_impl_glfw.cpp; sourceTree = SOURCE_ROOT; };
		3419ACD0AE384F06BCF5E253 /* /Users/user/proj/trim/vendor/lib/glfw/src/cocoa_monitor.m */ = {isa = PBXFileReference; explicitFileType = sourcecode.c.objc; fileEncoding = 4; name = cocoa_monitor.m; path = vendor/lib/glfw/src/cocoa_monitor.m; sourceTree = SOURCE_ROOT; };
		37DCA5084B1E45CFB1988B3D /* /Users/user/proj/trim/vendor/lib/glfw/src/vulkan.c */ = {isa = PBXFileReference; explicitFileType = sourcecode.c.c; fileEncoding = 4; name = vulkan.c; path = vendor/lib/glfw/src/vulkan.c; sourceTree = SOURCE_ROOT; };
		413E7430621E43F2A36B2147 /* /Users/user/proj/trim/vendor/lib/glfw/src/input.c */ = {isa = PBXFileReference; explicitFileType = sourcecode.c.c; fileEncoding = 4; name = input.c; path = vendor/lib/glfw/src/input.c; sourceTree = SOURCE_ROOT; };
		46234DFC8E0044F4A5FC16C8 /* /Users/user/proj/trim/gui.cpp */ = {isa = PBXFileReference; explicitFileType = sourcecode.cpp.cpp; fileEncoding = 4; name = gui.cpp; path = gui.cpp; sourceTree = SOURCE_ROOT; };
		47572F104DC44FF28DC45DED /* /Users/user/proj/trim/vendor/lib/glfw/include/GLFW/glfw3native.h */ = {isa = PBXFileReference; explicitFileType = sourcecode.c.h; fileEncoding = 4; name = glfw3native.h; path = vendor/lib/glfw/include/GLFW/glfw3native.h; sourceTree = SOURCE_ROOT; };
		48A92B887A954BAAB0C76459 /* /Users/user/proj/trim/vendor/lib/glfw/CMakeLists.txt */ = {isa = PBXFileReference; explicitFileType = sourcecode.text; fileEncoding = 4; name = CMakeLists.txt; path = vendor/lib/glfw/CMakeLists.txt; sourceTree = SOURCE_ROOT; };
		4C2739E64FE04174A09012F7 /* /Users/user/proj/trim/vendor/lib/glfw/src/context.c */ = {isa = PBXFileReference; explicitFileType = sourcecode.c.c; fileEncoding = 4; name = context.c; path = vendor/lib/glfw/src/context.c; sourceTree = SOURCE_ROOT; };
		4FBD09164EB64EB8AD0DE5BB /* /Users/user/proj/trim/vendor/lib/glfw/src/osmesa_context.c */ = {isa = PBXFileReference; explicitFileType = sourcecode.c.c; fileEncoding = 4; name = osmesa_context.c; path = vendor/lib/glfw/src/osmesa_context.c; sourceTree = SOURCE_ROOT; };
		5056114E5FE04626BE7FD858 /* /Users/user/proj/trim/vendor/lib/glfw/src/null_window.c */ = {isa = PBXFileReference; explicitFileType = sourcecode.c.c; fileEncoding = 4; name = null_window.c; path = vendor/lib/glfw/src/null_window.c; sourceTree = SOURCE_ROOT; };
		5310329029C940F3BDAE6349 /* /Users/user/proj/trim/vendor/src/imgui.cpp */ = {isa = PBXFileReference; explicitFileType = sourcecode.cpp.cpp; fileEncoding = 4; name = imgui.cpp; path = vendor/src/imgui.cpp; sourceTree = SOURCE_ROOT; };
		54B6D9659FD744D09CA7D5DC /* /Users/user/proj/trim/CMakeLists.txt */ = {isa = PBXFileReference; explicitFileType = sourcecode.text; fileEncoding = 4; name = CMakeLists.txt; path = CMakeLists.txt; sourceTree = SOURCE_ROOT; };
		55EB50D8C5A8475EAE6CA1D6 /* /Users/user/proj/trim/vendor/lib/glfw/src/posix_thread.c */ = {isa = PBXFileReference; explicitFileType = sourcecode.c.c; fileEncoding = 4; name = posix_thread.c; path = vendor/lib/glfw/src/posix_thread.c; sourceTree = SOURCE_ROOT; };
		63257CA462A94D7F9A235650 /* /Users/user/proj/trim/vendor/lib/glfw/src/mappings.h */ = {isa = PBXFileReference; explicitFileType = sourcecode.c.h; fileEncoding = 4; name = mappings.h; path = vendor/lib/glfw/src/mappings.h; sourceTree = SOURCE_ROOT; };
		679ACA719B9A483B8EF66684 /* /Users/user/proj/trim/vendor/lib/glfw/src/window.c */ = {isa = PBXFileReference; explicitFileType = sourcecode.c.c; fileEncoding = 4; name = window.c; path = vendor/lib/glfw/src/window.c; sourceTree = SOURCE_ROOT; };
		7273CF28853649839694847A /* /Users/user/proj/trim/main.cpp */ = {isa = PBXFileReference; explicitFileType = sourcecode.cpp.cpp; fileEncoding = 4; name = main.cpp; path = main.cpp; sourceTree = SOURCE_ROOT; };
		7CB496D407E2435DA7FECD5D /* /Users/user/proj/trim/vendor/lib/glfw/src/cocoa_joystick.m */ = {isa = PBXFileReference; explicitFileType = sourcecode.c.objc; fileEncoding = 4; name = cocoa_joystick.m; path = vendor/lib/glfw/src/cocoa_joystick.m; sourceTree = SOURCE_ROOT; };
		7E0FB270B01549418A02D3AE /* /Users/user/proj/trim/vendor/lib/glfw/src/init.c */ = {isa = PBXFileReference; explicitFileType = sourcecode.c.c; fileEncoding = 4; name = init.c; path = vendor/lib/glfw/src/init.c; sourceTree = SOURCE_ROOT; };
		8067172C406346B7AFAF6143 /* /Users/user/proj/trim/vendor/src/imgui_draw.cpp */ = {isa = PBXFileReference; explicitFileType = sourcecode.cpp.cpp; fileEncoding = 4; name = imgui_draw.cpp; path = vendor/src/imgui_draw.cpp; sourceTree = SOURCE_ROOT; };
		812FA2ADF50746B9833E2E19 /* trim */ = {isa = PBXFileReference; explicitFileType = "compiled.mach-o.executable"; path = trim; sourceTree = BUILT_PRODUCTS_DIR; };
		82BD826DA8904FFCB916DD6C /* /Users/user/proj/trim/vendor/lib/glfw/src/platform.h */ = {isa = PBXFileReference; explicitFileType = sourcecode.c.h; fileEncoding = 4; name = platform.h; path = vendor/lib/glfw/src/platform.h; sourceTree = SOURCE_ROOT; };
		868EB92208894D0FA4A9C93A /* /Users/user/proj/trim/vendor/lib/glfw/src/CMakeLists.txt */ = {isa = PBXFileReference; explicitFileType = sourcecode.text; fileEncoding = 4; name = CMakeLists.txt; path = vendor/lib/glfw/src/CMakeLists.txt; sourceTree = SOURCE_ROOT; };
		8B71F01AAC584271A4B0C319 /* /Users/user/proj/trim/vendor/lib/glfw/src/platform.c */ = {isa = PBXFileReference; explicitFileType = sourcecode.c.c; fileEncoding = 4; name = platform.c; path = vendor/lib/glfw/src/platform.c; sourceTree = SOURCE_ROOT; };
		909DBC0A0FFC40E6A7F283AA /* /Users/user/proj/trim/vendor/src/glad.c */ = {isa = PBXFileReference; explicitFileType = sourcecode.c.c; fileEncoding = 4; name = glad.c; path = vendor/src/glad.c; sourceTree = SOURCE_ROOT; };
		9A6304ECD2CE48858B15DE38 /* glfw */ = {isa = PBXFileReference; explicitFileType = archive.ar; path = libglfw3.a; sourceTree = BUILT_PRODUCTS_DIR; };
		9EE8276273044B3E810C76DC /* /Users/user/proj/trim/vendor/src/imgui_demo.cpp */ = {isa = PBXFileReference; explicitFileType = sourcecode.cpp.cpp; fileEncoding = 4; name = imgui_demo.cpp; path = vendor/src/imgui_demo.cpp; sourceTree = SOURCE_ROOT; };
		A18FF3C2074E4545944D13F0 /* /Users/user/proj/trim/vendor/lib/glfw/src/cocoa_init.m */ = {isa = PBXFileReference; explicitFileType = sourcecode.c.objc; fileEncoding = 4; name = cocoa_init.m; path = vendor/lib/glfw/src/cocoa_init.m; sourceTree = SOURCE_ROOT; };
		A46825F48F494F079581C229 /* /Users/user/proj/trim/vendor/lib/glfw/include/GLFW/glfw3.h */ = {isa = PBXFileReference; explicitFileType = sourcecode.c.h; fileEncoding = 4; name = glfw3.h; path = vendor/lib/glfw/include/GLFW/glfw3.h; sourceTree = SOURCE_ROOT; };
		A5D89DA92F554135965F6637 /* /Users/user/proj/trim/vendor/lib/glfw/src/null_monitor.c */ = {isa = PBXFileReference; explicitFileType = sourcecode.c.c; fileEncoding = 4; name = null_monitor.c; path = vendor/lib/glfw/src/null_monitor.c; sourceTree = SOURCE_ROOT; };
		AA8FFE5586344B6895588E42 /* /Users/user/proj/trim/vendor/lib/glfw/src/cocoa_window.m */ = {isa = PBXFileReference; explicitFileType = sourcecode.c.objc; fileEncoding = 4; name = cocoa_window.m; path = vendor/lib/glfw/src/cocoa_window.m; sourceTree = SOURCE_ROOT; };
		AD4100AB4C344E28A07036A9 /* /Users/user/proj/trim/vendor/lib/glfw/src/posix_module.c */ = {isa = PBXFileReference; explicitFileType = sourcecode.c.c; fileEncoding = 4; name = posix_module.c; path = vendor/lib/glfw/src/posix_module.c; sourceTree = SOURCE_ROOT; };
		B0C423547A1241218FA84A5C /* /Users/user/proj/trim/vendor/lib/glfw/CMake/GenerateMappings.cmake */ = {isa = PBXFileReference; explicitFileType = default; fileEncoding = 4; name = GenerateMappings.cmake; path = vendor/lib/glfw/CMake/GenerateMappings.cmake; sourceTree = SOURCE_ROOT; };
		CD8B73C51400467687FCB860 /* /Users/user/proj/trim/vendor/lib/glfw/src/cocoa_joystick.h */ = {isa = PBXFileReference; explicitFileType = sourcecode.c.h; fileEncoding = 4; name = cocoa_joystick.h; path = vendor/lib/glfw/src/cocoa_joystick.h; sourceTree = SOURCE_ROOT; };
		D28B7B8182E340DCB334480F /* /Users/user/proj/trim/vendor/lib/glfw/src/cocoa_time.h */ = {isa = PBXFileReference; explicitFileType = sourcecode.c.h; fileEncoding = 4; name = cocoa_time.h; path = vendor/lib/glfw/src/cocoa_time.h; sourceTree = SOURCE_ROOT; };
		D82136791E2D4073B6052936 /* /Users/user/proj/trim/vendor/lib/glfw/src/CMakeLists.txt */ = {isa = PBXFileReference; explicitFileType = sourcecode.text; fileEncoding = 4; name = CMakeLists.txt; path = vendor/lib/glfw/src/CMakeLists.txt; sourceTree = SOURCE_ROOT; };
		D9B26F8527DB47B6BC2E0BCE /* /Users/user/proj/trim/video_operations.cpp */ = {isa = PBXFileReference; explicitFileType = sourcecode.cpp.cpp; fileEncoding = 4; name = video_operations.cpp; path = video_operations.cpp; sourceTree = SOURCE_ROOT; };
		DED82FFED6BF418A85B3BD50 /* /Users/user/proj/trim/vendor/lib/glfw/src/mappings.h.in */ = {isa = PBXFileReference; explicitFileType = default; fileEncoding = 4; name = mappings.h.in; path = vendor/lib/glfw/src/mappings.h.in; sourceTree = SOURCE_ROOT; };
		DF6D928AD8524D20B5150CF4 /* /Users/user/proj/trim/vendor/lib/glfw/src/cocoa_time.c */ = {isa = PBXFileReference; explicitFileType = sourcecode.c.c; fileEncoding = 4; name = cocoa_time.c; path = vendor/lib/glfw/src/cocoa_time.c; sourceTree = SOURCE_ROOT; };
		E4E67BC5B87944A69410EA49 /* /Users/user/proj/trim/vendor/lib/glfw/src/null_joystick.h */ = {isa = PBXFileReference; explicitFileType = sourcecode.c.h; fileEncoding = 4; name = null_joystick.h; path = vendor/lib/glfw/src/null_joystick.h; sourceTree = SOURCE_ROOT; };
		E924B36493824AE8AF6A4458 /* /Users/user/proj/trim/vendor/src/imgui_widgets.cpp */ = {isa = PBXFileReference; explicitFileType = sourcecode.cpp.cpp; fileEncoding = 4; name = imgui_widgets.cpp; path = vendor/src/imgui_widgets.cpp; sourceTree = SOURCE_ROOT; };
		F03850BE96654AC183BD75F7 /* /Users/user/proj/trim/vendor/lib/glfw/src/nsgl_context.m */ = {isa = PBXFileReference; explicitFileType = sourcecode.c.objc; fileEncoding = 4; name = nsgl_context.m; path = vendor/lib/glfw/src/nsgl_context.m; sourceTree = SOURCE_ROOT; };
		F4EA7628BCE64607B46233ED /* /Users/user/proj/trim/vendor/src/imgui_tables.cpp */ = {isa = PBXFileReference; explicitFileType = sourcecode.cpp.cpp; fileEncoding = 4; name = imgui_tables.cpp; path = vendor/src/imgui_tables.cpp; sourceTree = SOURCE_ROOT; };
		F7D285BA187444FA92DB2E5B /* /Users/user/proj/trim/vendor/lib/glfw/src/monitor.c */ = {isa = PBXFileReference; explicitFileType = sourcecode.c.c; fileEncoding = 4; name = monitor.c; path = vendor/lib/glfw/src/monitor.c; sourceTree = SOURCE_ROOT; };
		FC41C91AABA64237BA36EA63 /* /Users/user/proj/trim/vendor/lib/glfw/src/internal.h */ = {isa = PBXFileReference; explicitFileType = sourcecode.c.h; fileEncoding = 4; name = internal.h; path = vendor/lib/glfw/src/internal.h; sourceTree = SOURCE_ROOT; };
		FE312B55D68842538D24C532 /* /Users/user/proj/trim/vendor/lib/glfw/src/null_platform.h */ = {isa = PBXFileReference; explicitFileType = sourcecode.c.h; fileEncoding = 4; name = null_platform.h; path = vendor/lib/glfw/src/null_platform.h; sourceTree = SOURCE_ROOT; };
/* End PBXFileReference section */

/* Begin PBXFrameworksBuildPhase section */
		0FED5725AA2544BAA34ED199 /* Frameworks */ = {
			isa = PBXFrameworksBuildPhase;
			buildActionMask = 2147483647;
			files = (
			);
			runOnlyForDeploymentPostprocessing = 0;
		};
		BEC71BCFBC40496B816A8254 /* Frameworks */ = {
			isa = PBXFrameworksBuildPhase;
			buildActionMask = 2147483647;
			files = (
			);
			runOnlyForDeploymentPostprocessing = 0;
		};
/* End PBXFrameworksBuildPhase section */

/* Begin PBXGroup section */
		01DA169CE77D47CC985098A9 /* glfw */ = {
			isa = PBXGroup;
			children = (
				120DF16E67854B1F9206B2CD /* Header Files */,
				3D6C2EFE7FD04C23A7105064 /* Source Files */,
				868EB92208894D0FA4A9C93A /* /Users/user/proj/trim/vendor/lib/glfw/src/CMakeLists.txt */,
			);
			name = glfw;
			sourceTree = "<group>";
		};
		0622326B586440E88E634578 /* Source Files */ = {
			isa = PBXGroup;
			children = (
				46234DFC8E0044F4A5FC16C8 /* /Users/user/proj/trim/gui.cpp */,
				7273CF28853649839694847A /* /Users/user/proj/trim/main.cpp */,
				909DBC0A0FFC40E6A7F283AA /* /Users/user/proj/trim/vendor/src/glad.c */,
				5310329029C940F3BDAE6349 /* /Users/user/proj/trim/vendor/src/imgui.cpp */,
				9EE8276273044B3E810C76DC /* /Users/user/proj/trim/vendor/src/imgui_demo.cpp */,
				8067172C406346B7AFAF6143 /* /Users/user/proj/trim/vendor/src/imgui_draw.cpp */,
				2F82BEBE6FCC4EC8B6716DCB /* /Users/user/proj/trim/vendor/src/imgui_impl_glfw.cpp */,
				173D1D53D760410D86B61D58 /* /Users/user/proj/trim/vendor/src/imgui_impl_opengl3.cpp */,
				F4EA7628BCE64607B46233ED /* /Users/user/proj/trim/vendor/src/imgui_tables.cpp */,
				E924B36493824AE8AF6A4458 /* /Users/user/proj/trim/vendor/src/imgui_widgets.cpp */,
				D9B26F8527DB47B6BC2E0BCE /* /Users/user/proj/trim/video_operations.cpp */,
			);
			name = "Source Files";
			sourceTree = "<group>";
		};
		0750C7C6BCFB41D6B55F5FD7 /* update_mappings */ = {
			isa = PBXGroup;
			children = (
				63110A187F1E45D2980CA76F /* Header Files */,
				6319F438D38A47AFB339FFD4 /* CMake Rules */,
				B0C423547A1241218FA84A5C /* /Users/user/proj/trim/vendor/lib/glfw/CMake/GenerateMappings.cmake */,
				D82136791E2D4073B6052936 /* /Users/user/proj/trim/vendor/lib/glfw/src/CMakeLists.txt */,
			);
			name = update_mappings;
			sourceTree = "<group>";
		};
		0FC0687FBDF44E6F91ABC8C8 /* CMake Rules */ = {
			isa = PBXGroup;
			children = (
			);
			name = "CMake Rules";
			sourceTree = "<group>";
		};
		120DF16E67854B1F9206B2CD /* Header Files */ = {
			isa = PBXGroup;
			children = (
				A46825F48F494F079581C229 /* /Users/user/proj/trim/vendor/lib/glfw/include/GLFW/glfw3.h */,
				47572F104DC44FF28DC45DED /* /Users/user/proj/trim/vendor/lib/glfw/include/GLFW/glfw3native.h */,
				CD8B73C51400467687FCB860 /* /Users/user/proj/trim/vendor/lib/glfw/src/cocoa_joystick.h */,
				1F21992DCBCE49BA8A8EDE3A /* /Users/user/proj/trim/vendor/lib/glfw/src/cocoa_platform.h */,
				D28B7B8182E340DCB334480F /* /Users/user/proj/trim/vendor/lib/glfw/src/cocoa_time.h */,
				FC41C91AABA64237BA36EA63 /* /Users/user/proj/trim/vendor/lib/glfw/src/internal.h */,
				63257CA462A94D7F9A235650 /* /Users/user/proj/trim/vendor/lib/glfw/src/mappings.h */,
				E4E67BC5B87944A69410EA49 /* /Users/user/proj/trim/vendor/lib/glfw/src/null_joystick.h */,
				FE312B55D68842538D24C532 /* /Users/user/proj/trim/vendor/lib/glfw/src/null_platform.h */,
				82BD826DA8904FFCB916DD6C /* /Users/user/proj/trim/vendor/lib/glfw/src/platform.h */,
				15EAE08F96124A19919E395A /* /Users/user/proj/trim/vendor/lib/glfw/src/posix_thread.h */,
			);
			name = "Header Files";
			sourceTree = "<group>";
		};
		223902B9E5964971A98EBABE /* uninstall */ = {
			isa = PBXGroup;
			children = (
				0FC0687FBDF44E6F91ABC8C8 /* CMake Rules */,
				48A92B887A954BAAB0C76459 /* /Users/user/proj/trim/vendor/lib/glfw/CMakeLists.txt */,
			);
			name = uninstall;
			sourceTree = "<group>";
		};
		2467E2F9F7804464811BC88E /* GLFW3 */ = {
			isa = PBXGroup;
			children = (
				223902B9E5964971A98EBABE /* uninstall */,
				01DA169CE77D47CC985098A9 /* glfw */,
				0750C7C6BCFB41D6B55F5FD7 /* update_mappings */,
			);
			name = GLFW3;
			sourceTree = "<group>";
		};
		3D6C2EFE7FD04C23A7105064 /* Source Files */ = {
			isa = PBXGroup;
			children = (
				A18FF3C2074E4545944D13F0 /* /Users/user/proj/trim/vendor/lib/glfw/src/cocoa_init.m */,
				7CB496D407E2435DA7FECD5D /* /Users/user/proj/trim/vendor/lib/glfw/src/cocoa_joystick.m */,
				3419ACD0AE384F06BCF5E253 /* /Users/user/proj/trim/vendor/lib/glfw/src/cocoa_monitor.m */,
				DF6D928AD8524D20B5150CF4 /* /Users/user/proj/trim/vendor/lib/glfw/src/cocoa_time.c */,
				AA8FFE5586344B6895588E42 /* /Users/user/proj/trim/vendor/lib/glfw/src/cocoa_window.m */,
				4C2739E64FE04174A09012F7 /* /Users/user/proj/trim/vendor/lib/glfw/src/context.c */,
				1A0EFEB0F2C6451FAD4B3C91 /* /Users/user/proj/trim/vendor/lib/glfw/src/egl_context.c */,
				7E0FB270B01549418A02D3AE /* /Users/user/proj/trim/vendor/lib/glfw/src/init.c */,
				413E7430621E43F2A36B2147 /* /Users/user/proj/trim/vendor/lib/glfw/src/input.c */,
				F7D285BA187444FA92DB2E5B /* /Users/user/proj/trim/vendor/lib/glfw/src/monitor.c */,
				F03850BE96654AC183BD75F7 /* /Users/user/proj/trim/vendor/lib/glfw/src/nsgl_context.m */,
				04F0938A6D1C4F8AADE82CA4 /* /Users/user/proj/trim/vendor/lib/glfw/src/null_init.c */,
				15CDF2CF114A420D80188FD7 /* /Users/user/proj/trim/vendor/lib/glfw/src/null_joystick.c */,
				A5D89DA92F554135965F6637 /* /Users/user/proj/trim/vendor/lib/glfw/src/null_monitor.c */,
				5056114E5FE04626BE7FD858 /* /Users/user/proj/trim/vendor/lib/glfw/src/null_window.c */,
				4FBD09164EB64EB8AD0DE5BB /* /Users/user/proj/trim/vendor/lib/glfw/src/osmesa_context.c */,
				8B71F01AAC584271A4B0C319 /* /Users/user/proj/trim/vendor/lib/glfw/src/platform.c */,
				AD4100AB4C344E28A07036A9 /* /Users/user/proj/trim/vendor/lib/glfw/src/posix_module.c */,
				55EB50D8C5A8475EAE6CA1D6 /* /Users/user/proj/trim/vendor/lib/glfw/src/posix_thread.c */,
				37DCA5084B1E45CFB1988B3D /* /Users/user/proj/trim/vendor/lib/glfw/src/vulkan.c */,
				679ACA719B9A483B8EF66684 /* /Users/user/proj/trim/vendor/lib/glfw/src/window.c */,
			);
			name = "Source Files";
			sourceTree = "<group>";
		};
		4A20ED202EF34500A001B4A3 = {
			isa = PBXGroup;
			children = (
				BE9274543F604C7BBCD1F854 /* trim */,
				8499FE60DE554500B44F203A /* ALL_BUILD */,
				2467E2F9F7804464811BC88E /* GLFW3 */,
				CD562280C47E43378E81FBD2 /* Products */,
				D077AF3C2AEC42479DA85D08 /* Frameworks */,
				DCA5FD0EA8384EC1925D1693 /* Resources */,
			);
			sourceTree = "<group>";
		};
		63110A187F1E45D2980CA76F /* Header Files */ = {
			isa = PBXGroup;
			children = (
				DED82FFED6BF418A85B3BD50 /* /Users/user/proj/trim/vendor/lib/glfw/src/mappings.h.in */,
			);
			name = "Header Files";
			sourceTree = "<group>";
		};
		6319F438D38A47AFB339FFD4 /* CMake Rules */ = {
			isa = PBXGroup;
			children = (
			);
			name = "CMake Rules";
			sourceTree = "<group>";
		};
		8499FE60DE554500B44F203A /* ALL_BUILD */ = {
			isa = PBXGroup;
			children = (
				9FA9B8BAB9AE49A8BA602AA5 /* CMake Rules */,
				54B6D9659FD744D09CA7D5DC /* /Users/user/proj/trim/CMakeLists.txt */,
			);
			name = ALL_BUILD;
			sourceTree = "<group>";
		};
		9FA9B8BAB9AE49A8BA602AA5 /* CMake Rules */ = {
			isa = PBXGroup;
			children = (
			);
			name = "CMake Rules";
			sourceTree = "<group>";
		};
		BE9274543F604C7BBCD1F854 /* trim */ = {
			isa = PBXGroup;
			children = (
				0622326B586440E88E634578 /* Source Files */,
				23CE8413DBBE4C8CBB6960CC /* /Users/user/proj/trim/CMakeLists.txt */,
			);
			name = trim;
			sourceTree = "<group>";
		};
		CD562280C47E43378E81FBD2 /* Products */ = {
			isa = PBXGroup;
			children = (
				9A6304ECD2CE48858B15DE38 /* glfw */,
				812FA2ADF50746B9833E2E19 /* trim */,
			);
			name = Products;
			sourceTree = "<group>";
		};
		D077AF3C2AEC42479DA85D08 /* Frameworks */ = {
			isa = PBXGroup;
			children = (
			);
			name = Frameworks;
			sourceTree = "<group>";
		};
		DCA5FD0EA8384EC1925D1693 /* Resources */ = {
			isa = PBXGroup;
			children = (
			);
			name = Resources;
			sourceTree = "<group>";
		};
/* End PBXGroup section */

/* Begin PBXNativeTarget section */
		B23CFC7918708997C68F806E /* trim */ = {
			isa = PBXNativeTarget;
			buildConfigurationList = AC203EF36B344A169A3D3F8E /* Build configuration list for PBXNativeTarget "trim" */;
			buildPhases = (
				6F97B2E34E3C4CCAA5F27D5F /* Sources */,
				0FED5725AA2544BAA34ED199 /* Frameworks */,
			);
			buildRules = (
			);
			dependencies = (
				D39DFF280F4E4BB590FA18A8 /* PBXTargetDependency */,
				C547B192DCEF40A381A08F27 /* PBXTargetDependency */,
			);
			name = trim;
			productName = trim;
			productReference = 812FA2ADF50746B9833E2E19 /* trim */;
			productType = "com.apple.product-type.tool";
		};
		BBBF7D44CA331C1E3E2A4C14 /* glfw */ = {
			isa = PBXNativeTarget;
			buildConfigurationList = 25E83B6BEE5C42C8A20D51E2 /* Build configuration list for PBXNativeTarget "glfw" */;
			buildPhases = (
				39874BFCCF944C02AAE9D514 /* Sources */,
				BEC71BCFBC40496B816A8254 /* Frameworks */,
			);
			buildRules = (
			);
			dependencies = (
				595B5F1FFE064B17A128CD4E /* PBXTargetDependency */,
			);
			name = glfw;
			productName = glfw;
			productReference = 9A6304ECD2CE48858B15DE38 /* glfw */;
			productType = "com.apple.product-type.library.static";
		};
/* End PBXNativeTarget section */

/* Begin PBXProject section */
		8DD0E2F9B8894DC79B252A58 /* Project object */ = {
			isa = PBXProject;
			attributes = {
				BuildIndependentTargetsInParallel = YES;
				LastUpgradeCheck = 1320;
			};
			buildConfigurationList = 38739D67CC49461690F25BF2 /* Build configuration list for PBXProject "trim" */;
			buildSettings = {
			};
			buildStyles = (
				2310AF3BF0464206937BE92D /* Debug */,
				A95F22A82F2A4A85808E1AEA /* Release */,
				11DEBE8C99D646F5960D3EE1 /* MinSizeRel */,
				D625DA6856B941E7A47C7288 /* RelWithDebInfo */,
			);
			compatibilityVersion = "Xcode 3.2";
			hasScannedForEncodings = 0;
			mainGroup = 4A20ED202EF34500A001B4A3;
			projectDirPath = /Users/user/proj/trim;
			projectRoot = "";
			targets = (
				5EE6366947EFD13FEFEEFFF8 /* ALL_BUILD */,
				AD89F94FCDA48CA5BCEDAF20 /* ZERO_CHECK */,
				BBBF7D44CA331C1E3E2A4C14 /* glfw */,
				1D796A360852FCD550E6358E /* install */,
				B23CFC7918708997C68F806E /* trim */,
				9835E080ACD4BCBA527BA056 /* uninstall */,
				0D8A40D7FF360F6F7E62647A /* update_mappings */,
			);
		};
/* End PBXProject section */

/* Begin PBXShellScriptBuildPhase section */
		2ECFB53E5E944153EBF43052 /* Generate CMakeFiles/ALL_BUILD */ = {
			isa = PBXShellScriptBuildPhase;
			alwaysOutOfDate = 1;
			buildActionMask = 2147483647;
			files = (
			);
			inputPaths = (
			);
			name = "Generate CMakeFiles/ALL_BUILD";
			outputPaths = (
/Users/user/proj/trim/xbuild/CMakeFiles/ALL_BUILD			);
			runOnlyForDeploymentPostprocessing = 0;
			shellPath = /bin/sh;
			shellScript = "set -e
if test \"$CONFIGURATION\" = \"Debug\"; then :
  cd /Users/user/proj/trim/xbuild
  echo Build\\ all\\ projects
fi
if test \"$CONFIGURATION\" = \"Release\"; then :
  cd /Users/user/proj/trim/xbuild
  echo Build\\ all\\ projects
fi
if test \"$CONFIGURATION\" = \"MinSizeRel\"; then :
  cd /Users/user/proj/trim/xbuild
  echo Build\\ all\\ projects
fi
if test \"$CONFIGURATION\" = \"RelWithDebInfo\"; then :
  cd /Users/user/proj/trim/xbuild
  echo Build\\ all\\ projects
fi
";
			showEnvVarsInLog = 0;
		};
		3C0110FC8322DE7E50886E21 = {
			isa = PBXShellScriptBuildPhase;
			buildActionMask = 2147483647;
			files = (
			);
			inputPaths = (
			);
			outputPaths = (
			);
			runOnlyForDeploymentPostprocessing = 0;
			shellPath = /bin/sh;
			shellScript = "# shell script goes here
exit 0";
			showEnvVarsInLog = 0;
		};
		3C8B9B9628600475EB03CBF8 = {
			isa = PBXShellScriptBuildPhase;
			buildActionMask = 2147483647;
			files = (
			);
			inputPaths = (
			);
			outputPaths = (
			);
			runOnlyForDeploymentPostprocessing = 0;
			shellPath = /bin/sh;
			shellScript = "# shell script goes here
exit 0";
			showEnvVarsInLog = 0;
		};
		4E7067F5073B1A3EC47B1D14 /* Generate CMakeFiles/ZERO_CHECK */ = {
			isa = PBXShellScriptBuildPhase;
			alwaysOutOfDate = 1;
			buildActionMask = 2147483647;
			files = (
			);
			inputPaths = (
			);
			name = "Generate CMakeFiles/ZERO_CHECK";
			outputPaths = (
/Users/user/proj/trim/xbuild/CMakeFiles/ZERO_CHECK			);
			runOnlyForDeploymentPostprocessing = 0;
			shellPath = /bin/sh;
			shellScript = "set -e
if test \"$CONFIGURATION\" = \"Debug\"; then :
  cd /Users/user/proj/trim/xbuild
  make -f /Users/user/proj/trim/xbuild/CMakeScripts/ReRunCMake.make
fi
if test \"$CONFIGURATION\" = \"Release\"; then :
  cd /Users/user/proj/trim/xbuild
  make -f /Users/user/proj/trim/xbuild/CMakeScripts/ReRunCMake.make
fi
if test \"$CONFIGURATION\" = \"MinSizeRel\"; then :
  cd /Users/user/proj/trim/xbuild
  make -f /Users/user/proj/trim/xbuild/CMakeScripts/ReRunCMake.make
fi
if test \"$CONFIGURATION\" = \"RelWithDebInfo\"; then :
  cd /Users/user/proj/trim/xbuild
  make -f /Users/user/proj/trim/xbuild/CMakeScripts/ReRunCMake.make
fi
";
			showEnvVarsInLog = 0;
		};
		85BF0CF8C147E18288B756ED /* Generate vendor/lib/glfw/src/CMakeFiles/update_mappings */ = {
			isa = PBXShellScriptBuildPhase;
			alwaysOutOfDate = 1;
			buildActionMask = 2147483647;
			files = (
			);
			inputPaths = (
			);
			name = "Generate vendor/lib/glfw/src/CMakeFiles/update_mappings";
			outputPaths = (
/Users/user/proj/trim/xbuild/vendor/lib/glfw/src/CMakeFiles/update_mappings			);
			runOnlyForDeploymentPostprocessing = 0;
			shellPath = /bin/sh;
			shellScript = "set -e
if test \"$CONFIGURATION\" = \"Debug\"; then :
  cd /Users/user/proj/trim/vendor/lib/glfw/src
  /usr/local/bin/cmake -P /Users/user/proj/trim/vendor/lib/glfw/CMake/GenerateMappings.cmake mappings.h.in mappings.h
fi
if test \"$CONFIGURATION\" = \"Release\"; then :
  cd /Users/user/proj/trim/vendor/lib/glfw/src
  /usr/local/bin/cmake -P /Users/user/proj/trim/vendor/lib/glfw/CMake/GenerateMappings.cmake mappings.h.in mappings.h
fi
if test \"$CONFIGURATION\" = \"MinSizeRel\"; then :
  cd /Users/user/proj/trim/vendor/lib/glfw/src
  /usr/local/bin/cmake -P /Users/user/proj/trim/vendor/lib/glfw/CMake/GenerateMappings.cmake mappings.h.in mappings.h
fi
if test \"$CONFIGURATION\" = \"RelWithDebInfo\"; then :
  cd /Users/user/proj/trim/vendor/lib/glfw/src
  /usr/local/bin/cmake -P /Users/user/proj/trim/vendor/lib/glfw/CMake/GenerateMappings.cmake mappings.h.in mappings.h
fi
";
			showEnvVarsInLog = 0;
		};
		87AF4882E018677E2624B544 = {
			isa = PBXShellScriptBuildPhase;
			buildActionMask = 2147483647;
			files = (
			);
			inputPaths = (
			);
			outputPaths = (
			);
			runOnlyForDeploymentPostprocessing = 0;
			shellPath = /bin/sh;
			shellScript = "# shell script goes here
exit 0";
			showEnvVarsInLog = 0;
		};
		93426DA6A4AC2C2AC9CE883C /* CMake PostBuild Rules */ = {
			isa = PBXShellScriptBuildPhase;
			alwaysOutOfDate = 1;
			buildActionMask = 2147483647;
			files = (
			);
			name = "CMake PostBuild Rules";
			outputPaths = (
			);
			runOnlyForDeploymentPostprocessing = 0;
			shellPath = /bin/sh;
			shellScript = "set -e
if test \"$CONFIGURATION\" = \"Debug\"; then :
  cd /Users/user/proj/trim/xbuild
  /usr/local/bin/cmake -DBUILD_TYPE=$CONFIGURATION$EFFECTIVE_PLATFORM_NAME -P cmake_install.cmake
fi
if test \"$CONFIGURATION\" = \"Release\"; then :
  cd /Users/user/proj/trim/xbuild
  /usr/local/bin/cmake -DBUILD_TYPE=$CONFIGURATION$EFFECTIVE_PLATFORM_NAME -P cmake_install.cmake
fi
if test \"$CONFIGURATION\" = \"MinSizeRel\"; then :
  cd /Users/user/proj/trim/xbuild
  /usr/local/bin/cmake -DBUILD_TYPE=$CONFIGURATION$EFFECTIVE_PLATFORM_NAME -P cmake_install.cmake
fi
if test \"$CONFIGURATION\" = \"RelWithDebInfo\"; then :
  cd /Users/user/proj/trim/xbuild
  /usr/local/bin/cmake -DBUILD_TYPE=$CONFIGURATION$EFFECTIVE_PLATFORM_NAME -P cmake_install.cmake
fi
";
			showEnvVarsInLog = 0;
		};
		9B50530E35CC49C82C2FACCF = {
			isa = PBXShellScriptBuildPhase;
			buildActionMask = 2147483647;
			files = (
			);
			inputPaths = (
			);
			outputPaths = (
			);
			runOnlyForDeploymentPostprocessing = 0;
			shellPath = /bin/sh;
			shellScript = "# shell script goes here
exit 0";
			showEnvVarsInLog = 0;
		};
		EF220574C043FA76D2683574 = {
			isa = PBXShellScriptBuildPhase;
			buildActionMask = 2147483647;
			files = (
			);
			inputPaths = (
			);
			outputPaths = (
			);
			runOnlyForDeploymentPostprocessing = 0;
			shellPath = /bin/sh;
			shellScript = "# shell script goes here
exit 0";
			showEnvVarsInLog = 0;
		};
		F5AF2B388C207F954D3B83C7 /* Generate vendor/lib/glfw/CMakeFiles/uninstall */ = {
			isa = PBXShellScriptBuildPhase;
			alwaysOutOfDate = 1;
			buildActionMask = 2147483647;
			files = (
			);
			inputPaths = (
			);
			name = "Generate vendor/lib/glfw/CMakeFiles/uninstall";
			outputPaths = (
/Users/user/proj/trim/xbuild/vendor/lib/glfw/CMakeFiles/uninstall			);
			runOnlyForDeploymentPostprocessing = 0;
			shellPath = /bin/sh;
			shellScript = "set -e
if test \"$CONFIGURATION\" = \"Debug\"; then :
  cd /Users/user/proj/trim/xbuild/vendor/lib/glfw
  /usr/local/bin/cmake -P /Users/user/proj/trim/xbuild/vendor/lib/glfw/cmake_uninstall.cmake
fi
if test \"$CONFIGURATION\" = \"Release\"; then :
  cd /Users/user/proj/trim/xbuild/vendor/lib/glfw
  /usr/local/bin/cmake -P /Users/user/proj/trim/xbuild/vendor/lib/glfw/cmake_uninstall.cmake
fi
if test \"$CONFIGURATION\" = \"MinSizeRel\"; then :
  cd /Users/user/proj/trim/xbuild/vendor/lib/glfw
  /usr/local/bin/cmake -P /Users/user/proj/trim/xbuild/vendor/lib/glfw/cmake_uninstall.cmake
fi
if test \"$CONFIGURATION\" = \"RelWithDebInfo\"; then :
  cd /Users/user/proj/trim/xbuild/vendor/lib/glfw
  /usr/local/bin/cmake -P /Users/user/proj/trim/xbuild/vendor/lib/glfw/cmake_uninstall.cmake
fi
";
			showEnvVarsInLog = 0;
		};
/* End PBXShellScriptBuildPhase section */

/* Begin PBXSourcesBuildPhase section */
		39874BFCCF944C02AAE9D514 /* Sources */ = {
			isa = PBXSourcesBuildPhase;
			buildActionMask = 2147483647;
			files = (
				552A1BB904C748C2BD5BBD53 /* /Users/user/proj/trim/vendor/lib/glfw/src/cocoa_init.m */,
				883CB077AA5B4A179BDD352E /* /Users/user/proj/trim/vendor/lib/glfw/src/cocoa_joystick.m */,
				FBF0F515DE154B8B98531F66 /* /Users/user/proj/trim/vendor/lib/glfw/src/cocoa_monitor.m */,
				A4E3D33055B04153AFD2455A /* /Users/user/proj/trim/vendor/lib/glfw/src/cocoa_time.c */,
				1583BBA27967442A81673274 /* /Users/user/proj/trim/vendor/lib/glfw/src/cocoa_window.m */,
				83BDBF3B4E5847B9B6B72AE7 /* /Users/user/proj/trim/vendor/lib/glfw/src/context.c */,
				11D6AC225C09486D86823D75 /* /Users/user/proj/trim/vendor/lib/glfw/src/egl_context.c */,
				62C5AA36E09740B8A7805E10 /* /Users/user/proj/trim/vendor/lib/glfw/src/init.c */,
				56720CF0EE274099A442ABF9 /* /Users/user/proj/trim/vendor/lib/glfw/src/input.c */,
				89286022439348E78FC8850D /* /Users/user/proj/trim/vendor/lib/glfw/src/monitor.c */,
				AF273CB33A9749A7B33FF143 /* /Users/user/proj/trim/vendor/lib/glfw/src/nsgl_context.m */,
				6AD6A2FCE0D9438E8541A895 /* /Users/user/proj/trim/vendor/lib/glfw/src/null_init.c */,
				809DEA08276D40818D908249 /* /Users/user/proj/trim/vendor/lib/glfw/src/null_joystick.c */,
				D9718D6642C24BDFAB44C8B3 /* /Users/user/proj/trim/vendor/lib/glfw/src/null_monitor.c */,
				CE25FF06308C4B99BFF4DCF5 /* /Users/user/proj/trim/vendor/lib/glfw/src/null_window.c */,
				98CB0B782567417B8545CF20 /* /Users/user/proj/trim/vendor/lib/glfw/src/osmesa_context.c */,
				090B679DB8C54D8AA1B15C2F /* /Users/user/proj/trim/vendor/lib/glfw/src/platform.c */,
				5AEB3BBCFE2B4FDBADB1BE4C /* /Users/user/proj/trim/vendor/lib/glfw/src/posix_module.c */,
				96F8EA8348E64C9B95D56200 /* /Users/user/proj/trim/vendor/lib/glfw/src/posix_thread.c */,
				F8AA7A0135734CFDA92B93E2 /* /Users/user/proj/trim/vendor/lib/glfw/src/vulkan.c */,
				A7D5ED1B157B45A9BF02CE25 /* /Users/user/proj/trim/vendor/lib/glfw/src/window.c */,
			);
			runOnlyForDeploymentPostprocessing = 0;
		};
		6F97B2E34E3C4CCAA5F27D5F /* Sources */ = {
			isa = PBXSourcesBuildPhase;
			buildActionMask = 2147483647;
			files = (
				3CF23B1F2CBE44DDB209DBAD /* /Users/user/proj/trim/gui.cpp */,
				6DFE4778F28442B2AB5B0EE3 /* /Users/user/proj/trim/main.cpp */,
				1460A4F7E00F4616BFB290FA /* /Users/user/proj/trim/vendor/src/glad.c */,
				7494657D048143178E9B39AC /* /Users/user/proj/trim/vendor/src/imgui.cpp */,
				17E6BDF40FD14704AB810F26 /* /Users/user/proj/trim/vendor/src/imgui_demo.cpp */,
				D082070953E44D39B35E134A /* /Users/user/proj/trim/vendor/src/imgui_draw.cpp */,
				72E95FC40E964134AD2311CD /* /Users/user/proj/trim/vendor/src/imgui_impl_glfw.cpp */,
				7AC19B6EF4014C72AE507821 /* /Users/user/proj/trim/vendor/src/imgui_impl_opengl3.cpp */,
				38190E2117674404A0BFC083 /* /Users/user/proj/trim/vendor/src/imgui_tables.cpp */,
				2F9697CF445D4D5AB78D0098 /* /Users/user/proj/trim/vendor/src/imgui_widgets.cpp */,
				E0B9DE8340BC4DD9A00425D9 /* /Users/user/proj/trim/video_operations.cpp */,
			);
			runOnlyForDeploymentPostprocessing = 0;
		};
/* End PBXSourcesBuildPhase section */

/* Begin PBXTargetDependency section */
		311723AD16AE48C99AAC7E85 /* PBXTargetDependency */ = {
			isa = PBXTargetDependency;
			target = AD89F94FCDA48CA5BCEDAF20 /* ZERO_CHECK */;
			targetProxy = 821D8FCFE6EF485C8BABF3CB /* PBXContainerItemProxy */;
		};
		32AB10E491FA4D17B3D61584 /* PBXTargetDependency */ = {
			isa = PBXTargetDependency;
			target = AD89F94FCDA48CA5BCEDAF20 /* ZERO_CHECK */;
			targetProxy = E8F49E474C2D48D69ABEFECD /* PBXContainerItemProxy */;
		};
		595B5F1FFE064B17A128CD4E /* PBXTargetDependency */ = {
			isa = PBXTargetDependency;
			target = AD89F94FCDA48CA5BCEDAF20 /* ZERO_CHECK */;
			targetProxy = B27899B14F7B4C128863672C /* PBXContainerItemProxy */;
		};
		C547B192DCEF40A381A08F27 /* PBXTargetDependency */ = {
			isa = PBXTargetDependency;
			target = BBBF7D44CA331C1E3E2A4C14 /* glfw */;
			targetProxy = 8C2D2DDB7E0A40F4A5961F41 /* PBXContainerItemProxy */;
		};
		D39DFF280F4E4BB590FA18A8 /* PBXTargetDependency */ = {
			isa = PBXTargetDependency;
			target = AD89F94FCDA48CA5BCEDAF20 /* ZERO_CHECK */;
			targetProxy = 57AEE307AEE54253BAF98694 /* PBXContainerItemProxy */;
		};
		DA06E764BEA24581939BB266 /* PBXTargetDependency */ = {
			isa = PBXTargetDependency;
			target = BBBF7D44CA331C1E3E2A4C14 /* glfw */;
			targetProxy = 09470924E4FD45C0954B7DE5 /* PBXContainerItemProxy */;
		};
		DBB64B2E0C9144109620B329 /* PBXTargetDependency */ = {
			isa = PBXTargetDependency;
			target = B23CFC7918708997C68F806E /* trim */;
			targetProxy = BB66564BDD354F40B1405DFF /* PBXContainerItemProxy */;
		};
		F6BB3D9AAF1B440E94144EFB /* PBXTargetDependency */ = {
			isa = PBXTargetDependency;
			target = 5EE6366947EFD13FEFEEFFF8 /* ALL_BUILD */;
			targetProxy = 6B5D165A2C5B4574B4055C69 /* PBXContainerItemProxy */;
		};
/* End PBXTargetDependency section */

/* Begin XCBuildConfiguration section */
		01ED740597844C7185ABDACB /* Debug */ = {
			isa = XCBuildConfiguration;
			buildSettings = {
				ALWAYS_SEARCH_USER_PATHS = NO;
				COMBINE_HIDPI_IMAGES = YES;
				GCC_GENERATE_DEBUGGING_SYMBOLS = YES;
				GCC_INLINES_ARE_PRIVATE_EXTERN = NO;
				GCC_OPTIMIZATION_LEVEL = 0;
				GCC_PREPROCESSOR_DEFINITIONS = ("'CMAKE_INTDIR=\"$(CONFIGURATION)$(EFFECTIVE_PLATFORM_NAME)\"'","$(inherited)");
				GCC_SYMBOLS_PRIVATE_EXTERN = NO;
				INSTALL_PATH = "";
				OTHER_LDFLAGS = ("","$(inherited)");
				OTHER_REZFLAGS = "";
				PRODUCT_NAME = ZERO_CHECK;
				SECTORDER_FLAGS = "";
				USE_HEADERMAP = NO;
				WARNING_CFLAGS = ("$(inherited)");
			};
			name = Debug;
		};
		09E3E4D1CCCD48889DCAF949 /* RelWithDebInfo */ = {
			isa = XCBuildConfiguration;
			buildSettings = {
				ARCHS = "$(NATIVE_ARCH_ACTUAL)";
				MACOSX_DEPLOYMENT_TARGET = 11.7;
				ONLY_ACTIVE_ARCH = YES;
				SDKROOT = /Users/user/Downloads/Xcode.app/Contents/Developer/Platforms/MacOSX.platform/Developer/SDKs/MacOSX12.1.sdk;
				SWIFT_COMPILATION_MODE = wholemodule;
				SYMROOT = /Users/user/proj/trim/xbuild/build;
			};
			name = RelWithDebInfo;
		};
		0EFA64D051174E58BF1F0E4B /* MinSizeRel */ = {
			isa = XCBuildConfiguration;
			buildSettings = {
				ALWAYS_SEARCH_USER_PATHS = NO;
				COMBINE_HIDPI_IMAGES = YES;
				GCC_GENERATE_DEBUGGING_SYMBOLS = YES;
				GCC_INLINES_ARE_PRIVATE_EXTERN = NO;
				GCC_OPTIMIZATION_LEVEL = 0;
				GCC_PREPROCESSOR_DEFINITIONS = ("'CMAKE_INTDIR=\"$(CONFIGURATION)$(EFFECTIVE_PLATFORM_NAME)\"'","$(inherited)");
				GCC_SYMBOLS_PRIVATE_EXTERN = NO;
				INSTALL_PATH = "";
				OTHER_LDFLAGS = ("","$(inherited)");
				OTHER_REZFLAGS = "";
				PRODUCT_NAME = ZERO_CHECK;
				SECTORDER_FLAGS = "";
				USE_HEADERMAP = NO;
				WARNING_CFLAGS = ("$(inherited)");
			};
			name = MinSizeRel;
		};
		1DA1FC05544D4065973EFD19 /* RelWithDebInfo */ = {
			isa = XCBuildConfiguration;
			buildSettings = {
				ALWAYS_SEARCH_USER_PATHS = NO;
				COMBINE_HIDPI_IMAGES = YES;
				CONFIGURATION_BUILD_DIR = /Users/user/proj/trim/xbuild/RelWithDebInfo;
				EXECUTABLE_PREFIX = "";
				EXECUTABLE_SUFFIX = "";
				GCC_GENERATE_DEBUGGING_SYMBOLS = YES;
				GCC_INLINES_ARE_PRIVATE_EXTERN = NO;
				GCC_OPTIMIZATION_LEVEL = 2;
				GCC_PREPROCESSOR_DEFINITIONS = ("'CMAKE_INTDIR=\"$(CONFIGURATION)$(EFFECTIVE_PLATFORM_NAME)\"'",GL_SILENCE_DEPRECATION,"$(inherited)");
				GCC_SYMBOLS_PRIVATE_EXTERN = NO;
				HEADER_SEARCH_PATHS = (/Users/user/proj/trim/vendor/include,/Users/user/proj/trim/vendor/lib/glfw/include,"$(inherited)");
				INSTALL_PATH = "";
				OTHER_CFLAGS = ("       -DNDEBUG ","$(inherited)");
				OTHER_CPLUSPLUSFLAGS = "       -DNDEBUG '-std=gnu++14' ";
				OTHER_LDFLAGS = (" -Wl,-search_paths_first -Wl,-headerpad_max_install_names",/Users/user/proj/trim/xbuild/vendor/lib/glfw/src/RelWithDebInfo/libglfw3.a,"-framework OpenGL",/opt/local/lib/libavcodec.dylib,/opt/local/lib/libavformat.dylib,/opt/local/lib/libavfilter.dylib,/opt/local/lib/libavdevice.dylib,/opt/local/lib/libavutil.dylib,/opt/local/lib/libswresample.dylib,/opt/local/lib/libswscale.dylib,"-framework Cocoa","-framework IOKit","-framework CoreFoundation","-framework QuartzCore","$(inherited)");
				OTHER_REZFLAGS = "";
				PRODUCT_NAME = trim;
				SECTORDER_FLAGS = "";
				SYSTEM_HEADER_SEARCH_PATHS = (/opt/local/include,"$(inherited)");
				TARGET_TEMP_DIR = "/Users/user/proj/trim/xbuild/build/trim.build/$(CONFIGURATION)$(EFFECTIVE_PLATFORM_NAME)";
				USE_HEADERMAP = NO;
				WARNING_CFLAGS = ("$(inherited)");
			};
			name = RelWithDebInfo;
		};
		212E4C0BE6534AC18EBF9D13 /* Release */ = {
			isa = XCBuildConfiguration;
			buildSettings = {
				ALWAYS_SEARCH_USER_PATHS = NO;
				COMBINE_HIDPI_IMAGES = YES;
				GCC_GENERATE_DEBUGGING_SYMBOLS = YES;
				GCC_INLINES_ARE_PRIVATE_EXTERN = NO;
				GCC_OPTIMIZATION_LEVEL = 0;
				GCC_PREPROCESSOR_DEFINITIONS = ("'CMAKE_INTDIR=\"$(CONFIGURATION)$(EFFECTIVE_PLATFORM_NAME)\"'","$(inherited)");
				GCC_SYMBOLS_PRIVATE_EXTERN = NO;
				INSTALL_PATH = "";
				OTHER_LDFLAGS = ("","$(inherited)");
				OTHER_REZFLAGS = "";
				PRODUCT_NAME = update_mappings;
				SECTORDER_FLAGS = "";
				USE_HEADERMAP = NO;
				WARNING_CFLAGS = ("$(inherited)");
			};
			name = Release;
		};
		37498985AE554F679A493B95 /* RelWithDebInfo */ = {
			isa = XCBuildConfiguration;
			buildSettings = {
				ALWAYS_SEARCH_USER_PATHS = NO;
				COMBINE_HIDPI_IMAGES = YES;
				GCC_GENERATE_DEBUGGING_SYMBOLS = YES;
				GCC_INLINES_ARE_PRIVATE_EXTERN = NO;
				GCC_OPTIMIZATION_LEVEL = 0;
				GCC_PREPROCESSOR_DEFINITIONS = ("'CMAKE_INTDIR=\"$(CONFIGURATION)$(EFFECTIVE_PLATFORM_NAME)\"'","$(inherited)");
				GCC_SYMBOLS_PRIVATE_EXTERN = NO;
				INSTALL_PATH = "";
				OTHER_LDFLAGS = ("","$(inherited)");
				OTHER_REZFLAGS = "";
				PRODUCT_NAME = install;
				SECTORDER_FLAGS = "";
				USE_HEADERMAP = NO;
				WARNING_CFLAGS = ("$(inherited)");
			};
			name = RelWithDebInfo;
		};
		37BB01CD11EA4E69BFBB5587 /* RelWithDebInfo */ = {
			isa = XCBuildConfiguration;
			buildSettings = {
				ALWAYS_SEARCH_USER_PATHS = NO;
				COMBINE_HIDPI_IMAGES = YES;
				GCC_GENERATE_DEBUGGING_SYMBOLS = YES;
				GCC_INLINES_ARE_PRIVATE_EXTERN = NO;
				GCC_OPTIMIZATION_LEVEL = 0;
				GCC_PREPROCESSOR_DEFINITIONS = ("'CMAKE_INTDIR=\"$(CONFIGURATION)$(EFFECTIVE_PLATFORM_NAME)\"'","$(inherited)");
				GCC_SYMBOLS_PRIVATE_EXTERN = NO;
				INSTALL_PATH = "";
				OTHER_LDFLAGS = ("","$(inherited)");
				OTHER_REZFLAGS = "";
				PRODUCT_NAME = update_mappings;
				SECTORDER_FLAGS = "";
				USE_HEADERMAP = NO;
				WARNING_CFLAGS = ("$(inherited)");
			};
			name = RelWithDebInfo;
		};
		4CCA7BA7C3A44DCAB615DC44 /* Release */ = {
			isa = XCBuildConfiguration;
			buildSettings = {
				ALWAYS_SEARCH_USER_PATHS = NO;
				COMBINE_HIDPI_IMAGES = YES;
				GCC_GENERATE_DEBUGGING_SYMBOLS = YES;
				GCC_INLINES_ARE_PRIVATE_EXTERN = NO;
				GCC_OPTIMIZATION_LEVEL = 0;
				GCC_PREPROCESSOR_DEFINITIONS = ("'CMAKE_INTDIR=\"$(CONFIGURATION)$(EFFECTIVE_PLATFORM_NAME)\"'","$(inherited)");
				GCC_SYMBOLS_PRIVATE_EXTERN = NO;
				INSTALL_PATH = "";
				OTHER_LDFLAGS = ("","$(inherited)");
				OTHER_REZFLAGS = "";
				PRODUCT_NAME = ZERO_CHECK;
				SECTORDER_FLAGS = "";
				USE_HEADERMAP = NO;
				WARNING_CFLAGS = ("$(inherited)");
			};
			name = Release;
		};
		4EDFC04C8D604605B2874D35 /* Release */ = {
			isa = XCBuildConfiguration;
			buildSettings = {
				ALWAYS_SEARCH_USER_PATHS = NO;
				COMBINE_HIDPI_IMAGES = YES;
				GCC_GENERATE_DEBUGGING_SYMBOLS = YES;
				GCC_INLINES_ARE_PRIVATE_EXTERN = NO;
				GCC_OPTIMIZATION_LEVEL = 0;
				GCC_PREPROCESSOR_DEFINITIONS = ("'CMAKE_INTDIR=\"$(CONFIGURATION)$(EFFECTIVE_PLATFORM_NAME)\"'","$(inherited)");
				GCC_SYMBOLS_PRIVATE_EXTERN = NO;
				INSTALL_PATH = "";
				OTHER_LDFLAGS = ("","$(inherited)");
				OTHER_REZFLAGS = "";
				PRODUCT_NAME = uninstall;
				SECTORDER_FLAGS = "";
				USE_HEADERMAP = NO;
				WARNING_CFLAGS = ("$(inherited)");
			};
			name = Release;
		};
		532669A7B19343078320835C /* RelWithDebInfo */ = {
			isa = XCBuildConfiguration;
			buildSettings = {
				ALWAYS_SEARCH_USER_PATHS = NO;
				COMBINE_HIDPI_IMAGES = YES;
				GCC_GENERATE_DEBUGGING_SYMBOLS = YES;
				GCC_INLINES_ARE_PRIVATE_EXTERN = NO;
				GCC_OPTIMIZATION_LEVEL = 0;
				GCC_PREPROCESSOR_DEFINITIONS = ("'CMAKE_INTDIR=\"$(CONFIGURATION)$(EFFECTIVE_PLATFORM_NAME)\"'","$(inherited)");
				GCC_SYMBOLS_PRIVATE_EXTERN = NO;
				INSTALL_PATH = "";
				OTHER_LDFLAGS = ("","$(inherited)");
				OTHER_REZFLAGS = "";
				PRODUCT_NAME = uninstall;
				SECTORDER_FLAGS = "";
				USE_HEADERMAP = NO;
				WARNING_CFLAGS = ("$(inherited)");
			};
			name = RelWithDebInfo;
		};
		5D1A9D92FE25446BB681D713 /* RelWithDebInfo */ = {
			isa = XCBuildConfiguration;
			buildSettings = {
				ALWAYS_SEARCH_USER_PATHS = NO;
				COMBINE_HIDPI_IMAGES = YES;
				GCC_GENERATE_DEBUGGING_SYMBOLS = YES;
				GCC_INLINES_ARE_PRIVATE_EXTERN = NO;
				GCC_OPTIMIZATION_LEVEL = 0;
				GCC_PREPROCESSOR_DEFINITIONS = ("'CMAKE_INTDIR=\"$(CONFIGURATION)$(EFFECTIVE_PLATFORM_NAME)\"'","$(inherited)");
				GCC_SYMBOLS_PRIVATE_EXTERN = NO;
				INSTALL_PATH = "";
				OTHER_LDFLAGS = ("","$(inherited)");
				OTHER_REZFLAGS = "";
				PRODUCT_NAME = ALL_BUILD;
				SECTORDER_FLAGS = "";
				USE_HEADERMAP = NO;
				WARNING_CFLAGS = ("$(inherited)");
			};
			name = RelWithDebInfo;
		};
		6FA900B353AD4F4CB460E601 /* Debug */ = {
			isa = XCBuildConfiguration;
			buildSettings = {
				ALWAYS_SEARCH_USER_PATHS = NO;
				COMBINE_HIDPI_IMAGES = YES;
				CONFIGURATION_BUILD_DIR = /Users/user/proj/trim/xbuild/vendor/lib/glfw/src/Debug;
				EXECUTABLE_PREFIX = lib;
				EXECUTABLE_SUFFIX = .a;
				GCC_GENERATE_DEBUGGING_SYMBOLS = YES;
				GCC_INLINES_ARE_PRIVATE_EXTERN = NO;
				GCC_OPTIMIZATION_LEVEL = 0;
				GCC_PREPROCESSOR_DEFINITIONS = ("'CMAKE_INTDIR=\"$(CONFIGURATION)$(EFFECTIVE_PLATFORM_NAME)\"'",_GLFW_COCOA,"$(inherited)");
				GCC_SYMBOLS_PRIVATE_EXTERN = NO;
				HEADER_SEARCH_PATHS = (/Users/user/proj/trim/vendor/lib/glfw/include,/Users/user/proj/trim/vendor/lib/glfw/src,/Users/user/proj/trim/xbuild/vendor/lib/glfw/src,"$(inherited)");
				INSTALL_PATH = "";
				LIBRARY_STYLE = STATIC;
				OTHER_CFLAGS = ("   '-std=c99' -fPIC -Wall ","$(inherited)");
				OTHER_LIBTOOLFLAGS = ("");
				OTHER_REZFLAGS = "";
				PRODUCT_NAME = glfw3;
				SECTORDER_FLAGS = "";
				TARGET_TEMP_DIR = "/Users/user/proj/trim/xbuild/build/glfw.build/$(CONFIGURATION)$(EFFECTIVE_PLATFORM_NAME)";
				USE_HEADERMAP = NO;
				WARNING_CFLAGS = ("$(inherited)");
			};
			name = Debug;
		};
		7B1E35BE826D48678EE47BE7 /* MinSizeRel */ = {
			isa = XCBuildConfiguration;
			buildSettings = {
				ALWAYS_SEARCH_USER_PATHS = NO;
				COMBINE_HIDPI_IMAGES = YES;
				CONFIGURATION_BUILD_DIR = /Users/user/proj/trim/xbuild/MinSizeRel;
				EXECUTABLE_PREFIX = "";
				EXECUTABLE_SUFFIX = "";
				GCC_GENERATE_DEBUGGING_SYMBOLS = NO;
				GCC_INLINES_ARE_PRIVATE_EXTERN = NO;
				GCC_OPTIMIZATION_LEVEL = s;
				GCC_PREPROCESSOR_DEFINITIONS = ("'CMAKE_INTDIR=\"$(CONFIGURATION)$(EFFECTIVE_PLATFORM_NAME)\"'",GL_SILENCE_DEPRECATION,"$(inherited)");
				GCC_SYMBOLS_PRIVATE_EXTERN = NO;
				HEADER_SEARCH_PATHS = (/Users/user/proj/trim/vendor/include,/Users/user/proj/trim/vendor/lib/glfw/include,"$(inherited)");
				INSTALL_PATH = "";
				OTHER_CFLAGS = ("    -DNDEBUG ","$(inherited)");
				OTHER_CPLUSPLUSFLAGS = "    -DNDEBUG '-std=gnu++14' ";
				OTHER_LDFLAGS = (" -Wl,-search_paths_first -Wl,-headerpad_max_install_names",/Users/user/proj/trim/xbuild/vendor/lib/glfw/src/MinSizeRel/libglfw3.a,"-framework OpenGL",/opt/local/lib/libavcodec.dylib,/opt/local/lib/libavformat.dylib,/opt/local/lib/libavfilter.dylib,/opt/local/lib/libavdevice.dylib,/opt/local/lib/libavutil.dylib,/opt/local/lib/libswresample.dylib,/opt/local/lib/libswscale.dylib,"-framework Cocoa","-framework IOKit","-framework CoreFoundation","-framework QuartzCore","$(inherited)");
				OTHER_REZFLAGS = "";
				PRODUCT_NAME = trim;
				SECTORDER_FLAGS = "";
				SYSTEM_HEADER_SEARCH_PATHS = (/opt/local/include,"$(inherited)");
				TARGET_TEMP_DIR = "/Users/user/proj/trim/xbuild/build/trim.build/$(CONFIGURATION)$(EFFECTIVE_PLATFORM_NAME)";
				USE_HEADERMAP = NO;
				WARNING_CFLAGS = ("$(inherited)");
			};
			name = MinSizeRel;
		};
		87EB8D5CD45F40D9BCF5D881 /* Release */ = {
			isa = XCBuildConfiguration;
			buildSettings = {
				ALWAYS_SEARCH_USER_PATHS = NO;
				COMBINE_HIDPI_IMAGES = YES;
				GCC_GENERATE_DEBUGGING_SYMBOLS = YES;
				GCC_INLINES_ARE_PRIVATE_EXTERN = NO;
				GCC_OPTIMIZATION_LEVEL = 0;
				GCC_PREPROCESSOR_DEFINITIONS = ("'CMAKE_INTDIR=\"$(CONFIGURATION)$(EFFECTIVE_PLATFORM_NAME)\"'","$(inherited)");
				GCC_SYMBOLS_PRIVATE_EXTERN = NO;
				INSTALL_PATH = "";
				OTHER_LDFLAGS = ("","$(inherited)");
				OTHER_REZFLAGS = "";
				PRODUCT_NAME = ALL_BUILD;
				SECTORDER_FLAGS = "";
				USE_HEADERMAP = NO;
				WARNING_CFLAGS = ("$(inherited)");
			};
			name = Release;
		};
		8B55A22B8BC045C89855A9E6 /* MinSizeRel */ = {
			isa = XCBuildConfiguration;
			buildSettings = {
				ALWAYS_SEARCH_USER_PATHS = NO;
				COMBINE_HIDPI_IMAGES = YES;
				GCC_GENERATE_DEBUGGING_SYMBOLS = YES;
				GCC_INLINES_ARE_PRIVATE_EXTERN = NO;
				GCC_OPTIMIZATION_LEVEL = 0;
				GCC_PREPROCESSOR_DEFINITIONS = ("'CMAKE_INTDIR=\"$(CONFIGURATION)$(EFFECTIVE_PLATFORM_NAME)\"'","$(inherited)");
				GCC_SYMBOLS_PRIVATE_EXTERN = NO;
				INSTALL_PATH = "";
				OTHER_LDFLAGS = ("","$(inherited)");
				OTHER_REZFLAGS = "";
				PRODUCT_NAME = ALL_BUILD;
				SECTORDER_FLAGS = "";
				USE_HEADERMAP = NO;
				WARNING_CFLAGS = ("$(inherited)");
			};
			name = MinSizeRel;
		};
		94ACE449D1F443C084D84B53 /* Release */ = {
			isa = XCBuildConfiguration;
			buildSettings = {
				ALWAYS_SEARCH_USER_PATHS = NO;
				COMBINE_HIDPI_IMAGES = YES;
				CONFIGURATION_BUILD_DIR = /Users/user/proj/trim/xbuild/Release;
				EXECUTABLE_PREFIX = "";
				EXECUTABLE_SUFFIX = "";
				GCC_GENERATE_DEBUGGING_SYMBOLS = NO;
				GCC_INLINES_ARE_PRIVATE_EXTERN = NO;
				GCC_OPTIMIZATION_LEVEL = 3;
				GCC_PREPROCESSOR_DEFINITIONS = ("'CMAKE_INTDIR=\"$(CONFIGURATION)$(EFFECTIVE_PLATFORM_NAME)\"'",GL_SILENCE_DEPRECATION,"$(inherited)");
				GCC_SYMBOLS_PRIVATE_EXTERN = NO;
				HEADER_SEARCH_PATHS = (/Users/user/proj/trim/vendor/include,/Users/user/proj/trim/vendor/lib/glfw/include,"$(inherited)");
				INSTALL_PATH = "";
				OTHER_CFLAGS = ("    -DNDEBUG ","$(inherited)");
				OTHER_CPLUSPLUSFLAGS = "    -DNDEBUG '-std=gnu++14' ";
				OTHER_LDFLAGS = (" -Wl,-search_paths_first -Wl,-headerpad_max_install_names",/Users/user/proj/trim/xbuild/vendor/lib/glfw/src/Release/libglfw3.a,"-framework OpenGL",/opt/local/lib/libavcodec.dylib,/opt/local/lib/libavformat.dylib,/opt/local/lib/libavfilter.dylib,/opt/local/lib/libavdevice.dylib,/opt/local/lib/libavutil.dylib,/opt/local/lib/libswresample.dylib,/opt/local/lib/libswscale.dylib,"-framework Cocoa","-framework IOKit","-framework CoreFoundation","-framework QuartzCore","$(inherited)");
				OTHER_REZFLAGS = "";
				PRODUCT_NAME = trim;
				SECTORDER_FLAGS = "";
				SYSTEM_HEADER_SEARCH_PATHS = (/opt/local/include,"$(inherited)");
				TARGET_TEMP_DIR = "/Users/user/proj/trim/xbuild/build/trim.build/$(CONFIGURATION)$(EFFECTIVE_PLATFORM_NAME)";
				USE_HEADERMAP = NO;
				WARNING_CFLAGS = ("$(inherited)");
			};
			name = Release;
		};
		985F1BE8B0304C7BA31FADF6 /* Release */ = {
			isa = XCBuildConfiguration;
			buildSettings = {
				ALWAYS_SEARCH_USER_PATHS = NO;
				COMBINE_HIDPI_IMAGES = YES;
				GCC_GENERATE_DEBUGGING_SYMBOLS = YES;
				GCC_INLINES_ARE_PRIVATE_EXTERN = NO;
				GCC_OPTIMIZATION_LEVEL = 0;
				GCC_PREPROCESSOR_DEFINITIONS = ("'CMAKE_INTDIR=\"$(CONFIGURATION)$(EFFECTIVE_PLATFORM_NAME)\"'","$(inherited)");
				GCC_SYMBOLS_PRIVATE_EXTERN = NO;
				INSTALL_PATH = "";
				OTHER_LDFLAGS = ("","$(inherited)");
				OTHER_REZFLAGS = "";
				PRODUCT_NAME = install;
				SECTORDER_FLAGS = "";
				USE_HEADERMAP = NO;
				WARNING_CFLAGS = ("$(inherited)");
			};
			name = Release;
		};
		A3B5856E34C6405DA7A63C77 /* Release */ = {
			isa = XCBuildConfiguration;
			buildSettings = {
				ALWAYS_SEARCH_USER_PATHS = NO;
				COMBINE_HIDPI_IMAGES = YES;
				CONFIGURATION_BUILD_DIR = /Users/user/proj/trim/xbuild/vendor/lib/glfw/src/Release;
				EXECUTABLE_PREFIX = lib;
				EXECUTABLE_SUFFIX = .a;
				GCC_GENERATE_DEBUGGING_SYMBOLS = NO;
				GCC_INLINES_ARE_PRIVATE_EXTERN = NO;
				GCC_OPTIMIZATION_LEVEL = 3;
				GCC_PREPROCESSOR_DEFINITIONS = ("'CMAKE_INTDIR=\"$(CONFIGURATION)$(EFFECTIVE_PLATFORM_NAME)\"'",_GLFW_COCOA,"$(inherited)");
				GCC_SYMBOLS_PRIVATE_EXTERN = NO;
				HEADER_SEARCH_PATHS = (/Users/user/proj/trim/vendor/lib/glfw/include,/Users/user/proj/trim/vendor/lib/glfw/src,/Users/user/proj/trim/xbuild/vendor/lib/glfw/src,"$(inherited)");
				INSTALL_PATH = "";
				LIBRARY_STYLE = STATIC;
				OTHER_CFLAGS = ("    -DNDEBUG '-std=c99' -fPIC -Wall ","$(inherited)");
				OTHER_LIBTOOLFLAGS = ("");
				OTHER_REZFLAGS = "";
				PRODUCT_NAME = glfw3;
				SECTORDER_FLAGS = "";
				TARGET_TEMP_DIR = "/Users/user/proj/trim/xbuild/build/glfw.build/$(CONFIGURATION)$(EFFECTIVE_PLATFORM_NAME)";
				USE_HEADERMAP = NO;
				WARNING_CFLAGS = ("$(inherited)");
			};
			name = Release;
		};
		A7A6C12A3D664B5FB5898009 /* MinSizeRel */ = {
			isa = XCBuildConfiguration;
			buildSettings = {
				ALWAYS_SEARCH_USER_PATHS = NO;
				COMBINE_HIDPI_IMAGES = YES;
				GCC_GENERATE_DEBUGGING_SYMBOLS = YES;
				GCC_INLINES_ARE_PRIVATE_EXTERN = NO;
				GCC_OPTIMIZATION_LEVEL = 0;
				GCC_PREPROCESSOR_DEFINITIONS = ("'CMAKE_INTDIR=\"$(CONFIGURATION)$(EFFECTIVE_PLATFORM_NAME)\"'","$(inherited)");
				GCC_SYMBOLS_PRIVATE_EXTERN = NO;
				INSTALL_PATH = "";
				OTHER_LDFLAGS = ("","$(inherited)");
				OTHER_REZFLAGS = "";
				PRODUCT_NAME = install;
				SECTORDER_FLAGS = "";
				USE_HEADERMAP = NO;
				WARNING_CFLAGS = ("$(inherited)");
			};
			name = MinSizeRel;
		};
		A7F50E63B04744D391A1E661 /* Debug */ = {
			isa = XCBuildConfiguration;
			buildSettings = {
				ALWAYS_SEARCH_USER_PATHS = NO;
				COMBINE_HIDPI_IMAGES = YES;
				GCC_GENERATE_DEBUGGING_SYMBOLS = YES;
				GCC_INLINES_ARE_PRIVATE_EXTERN = NO;
				GCC_OPTIMIZATION_LEVEL = 0;
				GCC_PREPROCESSOR_DEFINITIONS = ("'CMAKE_INTDIR=\"$(CONFIGURATION)$(EFFECTIVE_PLATFORM_NAME)\"'","$(inherited)");
				GCC_SYMBOLS_PRIVATE_EXTERN = NO;
				INSTALL_PATH = "";
				OTHER_LDFLAGS = ("","$(inherited)");
				OTHER_REZFLAGS = "";
				PRODUCT_NAME = update_mappings;
				SECTORDER_FLAGS = "";
				USE_HEADERMAP = NO;
				WARNING_CFLAGS = ("$(inherited)");
			};
			name = Debug;
		};
		A8618D270F3949E3B2539ABC /* Debug */ = {
			isa = XCBuildConfiguration;
			buildSettings = {
				ALWAYS_SEARCH_USER_PATHS = NO;
				COMBINE_HIDPI_IMAGES = YES;
				GCC_GENERATE_DEBUGGING_SYMBOLS = YES;
				GCC_INLINES_ARE_PRIVATE_EXTERN = NO;
				GCC_OPTIMIZATION_LEVEL = 0;
				GCC_PREPROCESSOR_DEFINITIONS = ("'CMAKE_INTDIR=\"$(CONFIGURATION)$(EFFECTIVE_PLATFORM_NAME)\"'","$(inherited)");
				GCC_SYMBOLS_PRIVATE_EXTERN = NO;
				INSTALL_PATH = "";
				OTHER_LDFLAGS = ("","$(inherited)");
				OTHER_REZFLAGS = "";
				PRODUCT_NAME = install;
				SECTORDER_FLAGS = "";
				USE_HEADERMAP = NO;
				WARNING_CFLAGS = ("$(inherited)");
			};
			name = Debug;
		};
		ABC8BDBA37604FCE90750A47 /* MinSizeRel */ = {
			isa = XCBuildConfiguration;
			buildSettings = {
				ALWAYS_SEARCH_USER_PATHS = NO;
				COMBINE_HIDPI_IMAGES = YES;
				GCC_GENERATE_DEBUGGING_SYMBOLS = YES;
				GCC_INLINES_ARE_PRIVATE_EXTERN = NO;
				GCC_OPTIMIZATION_LEVEL = 0;
				GCC_PREPROCESSOR_DEFINITIONS = ("'CMAKE_INTDIR=\"$(CONFIGURATION)$(EFFECTIVE_PLATFORM_NAME)\"'","$(inherited)");
				GCC_SYMBOLS_PRIVATE_EXTERN = NO;
				INSTALL_PATH = "";
				OTHER_LDFLAGS = ("","$(inherited)");
				OTHER_REZFLAGS = "";
				PRODUCT_NAME = uninstall;
				SECTORDER_FLAGS = "";
				USE_HEADERMAP = NO;
				WARNING_CFLAGS = ("$(inherited)");
			};
			name = MinSizeRel;
		};
		C2B9F7578AC44C1EB620C8D2 /* Release */ = {
			isa = XCBuildConfiguration;
			buildSettings = {
				ARCHS = "$(NATIVE_ARCH_ACTUAL)";
				MACOSX_DEPLOYMENT_TARGET = 11.7;
				ONLY_ACTIVE_ARCH = YES;
				SDKROOT = /Users/user/Downloads/Xcode.app/Contents/Developer/Platforms/MacOSX.platform/Developer/SDKs/MacOSX12.1.sdk;
				SWIFT_COMPILATION_MODE = wholemodule;
				SYMROOT = /Users/user/proj/trim/xbuild/build;
			};
			name = Release;
		};
		C2CF5FA202C24956A502405C /* RelWithDebInfo */ = {
			isa = XCBuildConfiguration;
			buildSettings = {
				ALWAYS_SEARCH_USER_PATHS = NO;
				COMBINE_HIDPI_IMAGES = YES;
				GCC_GENERATE_DEBUGGING_SYMBOLS = YES;
				GCC_INLINES_ARE_PRIVATE_EXTERN = NO;
				GCC_OPTIMIZATION_LEVEL = 0;
				GCC_PREPROCESSOR_DEFINITIONS = ("'CMAKE_INTDIR=\"$(CONFIGURATION)$(EFFECTIVE_PLATFORM_NAME)\"'","$(inherited)");
				GCC_SYMBOLS_PRIVATE_EXTERN = NO;
				INSTALL_PATH = "";
				OTHER_LDFLAGS = ("","$(inherited)");
				OTHER_REZFLAGS = "";
				PRODUCT_NAME = ZERO_CHECK;
				SECTORDER_FLAGS = "";
				USE_HEADERMAP = NO;
				WARNING_CFLAGS = ("$(inherited)");
			};
			name = RelWithDebInfo;
		};
		C5BE90EA477C4C019F593E45 /* Debug */ = {
			isa = XCBuildConfiguration;
			buildSettings = {
				ALWAYS_SEARCH_USER_PATHS = NO;
				COMBINE_HIDPI_IMAGES = YES;
				GCC_GENERATE_DEBUGGING_SYMBOLS = YES;
				GCC_INLINES_ARE_PRIVATE_EXTERN = NO;
				GCC_OPTIMIZATION_LEVEL = 0;
				GCC_PREPROCESSOR_DEFINITIONS = ("'CMAKE_INTDIR=\"$(CONFIGURATION)$(EFFECTIVE_PLATFORM_NAME)\"'","$(inherited)");
				GCC_SYMBOLS_PRIVATE_EXTERN = NO;
				INSTALL_PATH = "";
				OTHER_LDFLAGS = ("","$(inherited)");
				OTHER_REZFLAGS = "";
				PRODUCT_NAME = uninstall;
				SECTORDER_FLAGS = "";
				USE_HEADERMAP = NO;
				WARNING_CFLAGS = ("$(inherited)");
			};
			name = Debug;
		};
		CD028440268E4E23A0AC0EDC /* Debug */ = {
			isa = XCBuildConfiguration;
			buildSettings = {
				ALWAYS_SEARCH_USER_PATHS = NO;
				COMBINE_HIDPI_IMAGES = YES;
				CONFIGURATION_BUILD_DIR = /Users/user/proj/trim/xbuild/Debug;
				EXECUTABLE_PREFIX = "";
				EXECUTABLE_SUFFIX = "";
				GCC_GENERATE_DEBUGGING_SYMBOLS = YES;
				GCC_INLINES_ARE_PRIVATE_EXTERN = NO;
				GCC_OPTIMIZATION_LEVEL = 0;
				GCC_PREPROCESSOR_DEFINITIONS = ("'CMAKE_INTDIR=\"$(CONFIGURATION)$(EFFECTIVE_PLATFORM_NAME)\"'",GL_SILENCE_DEPRECATION,"$(inherited)");
				GCC_SYMBOLS_PRIVATE_EXTERN = NO;
				HEADER_SEARCH_PATHS = (/Users/user/proj/trim/vendor/include,/Users/user/proj/trim/vendor/lib/glfw/include,"$(inherited)");
				INSTALL_PATH = "";
				OTHER_CFLAGS = ("   ","$(inherited)");
				OTHER_CPLUSPLUSFLAGS = "   '-std=gnu++14' ";
				OTHER_LDFLAGS = (" -Wl,-search_paths_first -Wl,-headerpad_max_install_names",/Users/user/proj/trim/xbuild/vendor/lib/glfw/src/Debug/libglfw3.a,"-framework OpenGL",/opt/local/lib/libavcodec.dylib,/opt/local/lib/libavformat.dylib,/opt/local/lib/libavfilter.dylib,/opt/local/lib/libavdevice.dylib,/opt/local/lib/libavutil.dylib,/opt/local/lib/libswresample.dylib,/opt/local/lib/libswscale.dylib,"-framework Cocoa","-framework IOKit","-framework CoreFoundation","-framework QuartzCore","$(inherited)");
				OTHER_REZFLAGS = "";
				PRODUCT_NAME = trim;
				SECTORDER_FLAGS = "";
				SYSTEM_HEADER_SEARCH_PATHS = (/opt/local/include,"$(inherited)");
				TARGET_TEMP_DIR = "/Users/user/proj/trim/xbuild/build/trim.build/$(CONFIGURATION)$(EFFECTIVE_PLATFORM_NAME)";
				USE_HEADERMAP = NO;
				WARNING_CFLAGS = ("$(inherited)");
			};
			name = Debug;
		};
		DF1336F558414544B6EB0D38 /* RelWithDebInfo */ = {
			isa = XCBuildConfiguration;
			buildSettings = {
				ALWAYS_SEARCH_USER_PATHS = NO;
				COMBINE_HIDPI_IMAGES = YES;
				CONFIGURATION_BUILD_DIR = /Users/user/proj/trim/xbuild/vendor/lib/glfw/src/RelWithDebInfo;
				EXECUTABLE_PREFIX = lib;
				EXECUTABLE_SUFFIX = .a;
				GCC_GENERATE_DEBUGGING_SYMBOLS = YES;
				GCC_INLINES_ARE_PRIVATE_EXTERN = NO;
				GCC_OPTIMIZATION_LEVEL = 2;
				GCC_PREPROCESSOR_DEFINITIONS = ("'CMAKE_INTDIR=\"$(CONFIGURATION)$(EFFECTIVE_PLATFORM_NAME)\"'",_GLFW_COCOA,"$(inherited)");
				GCC_SYMBOLS_PRIVATE_EXTERN = NO;
				HEADER_SEARCH_PATHS = (/Users/user/proj/trim/vendor/lib/glfw/include,/Users/user/proj/trim/vendor/lib/glfw/src,/Users/user/proj/trim/xbuild/vendor/lib/glfw/src,"$(inherited)");
				INSTALL_PATH = "";
				LIBRARY_STYLE = STATIC;
				OTHER_CFLAGS = ("       -DNDEBUG '-std=c99' -fPIC -Wall ","$(inherited)");
				OTHER_LIBTOOLFLAGS = ("");
				OTHER_REZFLAGS = "";
				PRODUCT_NAME = glfw3;
				SECTORDER_FLAGS = "";
				TARGET_TEMP_DIR = "/Users/user/proj/trim/xbuild/build/glfw.build/$(CONFIGURATION)$(EFFECTIVE_PLATFORM_NAME)";
				USE_HEADERMAP = NO;
				WARNING_CFLAGS = ("$(inherited)");
			};
			name = RelWithDebInfo;
		};
		E4F7898FE4984BE5A98835D5 /* Debug */ = {
			isa = XCBuildConfiguration;
			buildSettings = {
				ARCHS = "$(NATIVE_ARCH_ACTUAL)";
				MACOSX_DEPLOYMENT_TARGET = 11.7;
				ONLY_ACTIVE_ARCH = YES;
				SDKROOT = /Users/user/Downloads/Xcode.app/Contents/Developer/Platforms/MacOSX.platform/Developer/SDKs/MacOSX12.1.sdk;
				SYMROOT = /Users/user/proj/trim/xbuild/build;
			};
			name = Debug;
		};
		E5ED61EE60D24CC9B04188B6 /* Debug */ = {
			isa = XCBuildConfiguration;
			buildSettings = {
				ALWAYS_SEARCH_USER_PATHS = NO;
				COMBINE_HIDPI_IMAGES = YES;
				GCC_GENERATE_DEBUGGING_SYMBOLS = YES;
				GCC_INLINES_ARE_PRIVATE_EXTERN = NO;
				GCC_OPTIMIZATION_LEVEL = 0;
				GCC_PREPROCESSOR_DEFINITIONS = ("'CMAKE_INTDIR=\"$(CONFIGURATION)$(EFFECTIVE_PLATFORM_NAME)\"'","$(inherited)");
				GCC_SYMBOLS_PRIVATE_EXTERN = NO;
				INSTALL_PATH = "";
				OTHER_LDFLAGS = ("","$(inherited)");
				OTHER_REZFLAGS = "";
				PRODUCT_NAME = ALL_BUILD;
				SECTORDER_FLAGS = "";
				USE_HEADERMAP = NO;
				WARNING_CFLAGS = ("$(inherited)");
			};
			name = Debug;
		};
		E94A92E4026249F3A4227EEE /* MinSizeRel */ = {
			isa = XCBuildConfiguration;
			buildSettings = {
				ALWAYS_SEARCH_USER_PATHS = NO;
				COMBINE_HIDPI_IMAGES = YES;
				CONFIGURATION_BUILD_DIR = /Users/user/proj/trim/xbuild/vendor/lib/glfw/src/MinSizeRel;
				EXECUTABLE_PREFIX = lib;
				EXECUTABLE_SUFFIX = .a;
				GCC_GENERATE_DEBUGGING_SYMBOLS = NO;
				GCC_INLINES_ARE_PRIVATE_EXTERN = NO;
				GCC_OPTIMIZATION_LEVEL = s;
				GCC_PREPROCESSOR_DEFINITIONS = ("'CMAKE_INTDIR=\"$(CONFIGURATION)$(EFFECTIVE_PLATFORM_NAME)\"'",_GLFW_COCOA,"$(inherited)");
				GCC_SYMBOLS_PRIVATE_EXTERN = NO;
				HEADER_SEARCH_PATHS = (/Users/user/proj/trim/vendor/lib/glfw/include,/Users/user/proj/trim/vendor/lib/glfw/src,/Users/user/proj/trim/xbuild/vendor/lib/glfw/src,"$(inherited)");
				INSTALL_PATH = "";
				LIBRARY_STYLE = STATIC;
				OTHER_CFLAGS = ("    -DNDEBUG '-std=c99' -fPIC -Wall ","$(inherited)");
				OTHER_LIBTOOLFLAGS = ("");
				OTHER_REZFLAGS = "";
				PRODUCT_NAME = glfw3;
				SECTORDER_FLAGS = "";
				TARGET_TEMP_DIR = "/Users/user/proj/trim/xbuild/build/glfw.build/$(CONFIGURATION)$(EFFECTIVE_PLATFORM_NAME)";
				USE_HEADERMAP = NO;
				WARNING_CFLAGS = ("$(inherited)");
			};
			name = MinSizeRel;
		};
		F4A59C6ED25E4D009C7805CF /* MinSizeRel */ = {
			isa = XCBuildConfiguration;
			buildSettings = {
				ARCHS = "$(NATIVE_ARCH_ACTUAL)";
				MACOSX_DEPLOYMENT_TARGET = 11.7;
				ONLY_ACTIVE_ARCH = YES;
				SDKROOT = /Users/user/Downloads/Xcode.app/Contents/Developer/Platforms/MacOSX.platform/Developer/SDKs/MacOSX12.1.sdk;
				SWIFT_COMPILATION_MODE = wholemodule;
				SYMROOT = /Users/user/proj/trim/xbuild/build;
			};
			name = MinSizeRel;
		};
		FCAD77A078734FC6B1E9CDA0 /* MinSizeRel */ = {
			isa = XCBuildConfiguration;
			buildSettings = {
				ALWAYS_SEARCH_USER_PATHS = NO;
				COMBINE_HIDPI_IMAGES = YES;
				GCC_GENERATE_DEBUGGING_SYMBOLS = YES;
				GCC_INLINES_ARE_PRIVATE_EXTERN = NO;
				GCC_OPTIMIZATION_LEVEL = 0;
				GCC_PREPROCESSOR_DEFINITIONS = ("'CMAKE_INTDIR=\"$(CONFIGURATION)$(EFFECTIVE_PLATFORM_NAME)\"'","$(inherited)");
				GCC_SYMBOLS_PRIVATE_EXTERN = NO;
				INSTALL_PATH = "";
				OTHER_LDFLAGS = ("","$(inherited)");
				OTHER_REZFLAGS = "";
				PRODUCT_NAME = update_mappings;
				SECTORDER_FLAGS = "";
				USE_HEADERMAP = NO;
				WARNING_CFLAGS = ("$(inherited)");
			};
			name = MinSizeRel;
		};
/* End XCBuildConfiguration section */

/* Begin XCConfigurationList section */
		06C468289E004C59AD42A44D /* Build configuration list for PBXAggregateTarget "update_mappings" */ = {
			isa = XCConfigurationList;
			buildConfigurations = (
				A7F50E63B04744D391A1E661 /* Debug */,
				212E4C0BE6534AC18EBF9D13 /* Release */,
				FCAD77A078734FC6B1E9CDA0 /* MinSizeRel */,
				37BB01CD11EA4E69BFBB5587 /* RelWithDebInfo */,
			);
			defaultConfigurationIsVisible = 0;
			defaultConfigurationName = Debug;
		};
		0E2EBEEE7D424BE59E7F07D4 /* Build configuration list for PBXAggregateTarget "install" */ = {
			isa = XCConfigurationList;
			buildConfigurations = (
				A8618D270F3949E3B2539ABC /* Debug */,
				985F1BE8B0304C7BA31FADF6 /* Release */,
				A7A6C12A3D664B5FB5898009 /* MinSizeRel */,
				37498985AE554F679A493B95 /* RelWithDebInfo */,
			);
			defaultConfigurationIsVisible = 0;
			defaultConfigurationName = Debug;
		};
		215754E68D364DD9AD3D6B2A /* Build configuration list for PBXAggregateTarget "ALL_BUILD" */ = {
			isa = XCConfigurationList;
			buildConfigurations = (
				E5ED61EE60D24CC9B04188B6 /* Debug */,
				87EB8D5CD45F40D9BCF5D881 /* Release */,
				8B55A22B8BC045C89855A9E6 /* MinSizeRel */,
				5D1A9D92FE25446BB681D713 /* RelWithDebInfo */,
			);
			defaultConfigurationIsVisible = 0;
			defaultConfigurationName = Debug;
		};
		25E83B6BEE5C42C8A20D51E2 /* Build configuration list for PBXNativeTarget "glfw" */ = {
			isa = XCConfigurationList;
			buildConfigurations = (
				6FA900B353AD4F4CB460E601 /* Debug */,
				A3B5856E34C6405DA7A63C77 /* Release */,
				E94A92E4026249F3A4227EEE /* MinSizeRel */,
				DF1336F558414544B6EB0D38 /* RelWithDebInfo */,
			);
			defaultConfigurationIsVisible = 0;
			defaultConfigurationName = Debug;
		};
		2DFEEA6FDFBD4E9EBA8861C6 /* Build configuration list for PBXAggregateTarget "ZERO_CHECK" */ = {
			isa = XCConfigurationList;
			buildConfigurations = (
				01ED740597844C7185ABDACB /* Debug */,
				4CCA7BA7C3A44DCAB615DC44 /* Release */,
				0EFA64D051174E58BF1F0E4B /* MinSizeRel */,
				C2CF5FA202C24956A502405C /* RelWithDebInfo */,
			);
			defaultConfigurationIsVisible = 0;
			defaultConfigurationName = Debug;
		};
		38739D67CC49461690F25BF2 /* Build configuration list for PBXProject "trim" */ = {
			isa = XCConfigurationList;
			buildConfigurations = (
				E4F7898FE4984BE5A98835D5 /* Debug */,
				C2B9F7578AC44C1EB620C8D2 /* Release */,
				F4A59C6ED25E4D009C7805CF /* MinSizeRel */,
				09E3E4D1CCCD48889DCAF949 /* RelWithDebInfo */,
			);
			defaultConfigurationIsVisible = 0;
			defaultConfigurationName = Debug;
		};
		AC203EF36B344A169A3D3F8E /* Build configuration list for PBXNativeTarget "trim" */ = {
			isa = XCConfigurationList;
			buildConfigurations = (
				CD028440268E4E23A0AC0EDC /* Debug */,
				94ACE449D1F443C084D84B53 /* Release */,
				7B1E35BE826D48678EE47BE7 /* MinSizeRel */,
				1DA1FC05544D4065973EFD19 /* RelWithDebInfo */,
			);
			defaultConfigurationIsVisible = 0;
			defaultConfigurationName = Debug;
		};
		FC0D034FC5374778964BCCA0 /* Build configuration list for PBXAggregateTarget "uninstall" */ = {
			isa = XCConfigurationList;
			buildConfigurations = (
				C5BE90EA477C4C019F593E45 /* Debug */,
				4EDFC04C8D604605B2874D35 /* Release */,
				ABC8BDBA37604FCE90750A47 /* MinSizeRel */,
				532669A7B19343078320835C /* RelWithDebInfo */,
			);
			defaultConfigurationIsVisible = 0;
			defaultConfigurationName = Debug;
		};
/* End XCConfigurationList section */
	};
	rootObject = 8DD0E2F9B8894DC79B252A58 /* Project object */;
}
